{
  "version": "2",
  "remote": {
    "https://deno.land/std@0.196.0/_util/diff.ts": "1a3c044aedf77647d6cac86b798c6417603361b66b54c53331b312caeb447aea",
    "https://deno.land/std@0.196.0/assert/_constants.ts": "8a9da298c26750b28b326b297316cdde860bc237533b07e1337c021379e6b2a9",
    "https://deno.land/std@0.196.0/assert/_format.ts": "a69126e8a469009adf4cf2a50af889aca364c349797e63174884a52ff75cf4c7",
    "https://deno.land/std@0.196.0/assert/assert.ts": "9a97dad6d98c238938e7540736b826440ad8c1c1e54430ca4c4e623e585607ee",
    "https://deno.land/std@0.196.0/assert/assert_equals.ts": "a0ee60574e437bcab2dcb79af9d48dc88845f8fd559468d9c21b15fd638ef943",
    "https://deno.land/std@0.196.0/assert/assertion_error.ts": "4d0bde9b374dfbcbe8ac23f54f567b77024fb67dbb1906a852d67fe050d42f56",
    "https://deno.land/std@0.196.0/assert/equal.ts": "9f1a46d5993966d2596c44e5858eec821859b45f783a5ee2f7a695dfc12d8ece",
    "https://deno.land/std@0.196.0/async/abortable.ts": "fd682fa46f3b7b16b4606a5ab52a7ce309434b76f820d3221bdfb862719a15d7",
    "https://deno.land/std@0.196.0/async/deadline.ts": "58f72a3cc0fcb731b2cc055ba046f4b5be3349ff6bf98f2e793c3b969354aab2",
    "https://deno.land/std@0.196.0/async/debounce.ts": "adab11d04ca38d699444ac8a9d9856b4155e8dda2afd07ce78276c01ea5a4332",
    "https://deno.land/std@0.196.0/async/deferred.ts": "42790112f36a75a57db4a96d33974a936deb7b04d25c6084a9fa8a49f135def8",
    "https://deno.land/std@0.196.0/async/delay.ts": "a6142eb44cdd856b645086af2b811b1fcce08ec06bb7d50969e6a872ee9b8659",
    "https://deno.land/std@0.196.0/async/mod.ts": "f04344fa21738e5ad6bea37a6bfffd57c617c2d372bb9f9dcfd118a1b622e576",
    "https://deno.land/std@0.196.0/async/mux_async_iterator.ts": "70c7f2ee4e9466161350473ad61cac0b9f115cff4c552eaa7ef9d50c4cbb4cc9",
    "https://deno.land/std@0.196.0/async/pool.ts": "f1b8d3df4d7fd3c73f8cbc91cc2e8b8e950910f1eab94230b443944d7584c657",
    "https://deno.land/std@0.196.0/async/retry.ts": "296fb9c323e1325a69bee14ba947e7da7409a8dd9dd646d70cb51ea0d301f24e",
    "https://deno.land/std@0.196.0/async/tee.ts": "47e42d35f622650b02234d43803d0383a89eb4387e1b83b5a40106d18ae36757",
    "https://deno.land/std@0.196.0/fmt/colors.ts": "a7eecffdf3d1d54db890723b303847b6e0a1ab4b528ba6958b8f2e754cf1b3bc",
    "https://deno.land/std@0.196.0/http/server.ts": "3cd5a8acc31d3259813ddcfa7dd2fe066952db6763fc7a58b9a026d4b5af9559",
    "https://deno.land/x/hono@v3.3.4/adapter/deno/serve-static.ts": "ba10cf6aaf39da942b0d49c3b9877ddba69d41d414c6551d890beb1085f58eea",
    "https://deno.land/x/hono@v3.3.4/client/client.ts": "7a819af2aa9aabc746add4d01715fa37f83676fdf1b63fba1bbcd655b2d066a5",
    "https://deno.land/x/hono@v3.3.4/client/index.ts": "3ff4cf246f3543f827a85a2c84d66a025ac350ee927613629bda47e854bfb7ba",
    "https://deno.land/x/hono@v3.3.4/client/types.ts": "256a282e327fc46578de12097f22f6c295343a90c5670ae377b7967cf1622c66",
    "https://deno.land/x/hono@v3.3.4/client/utils.ts": "053273c002963b549d38268a1b423ac8ca211a8028bdab1ed0b781a62aa5e661",
    "https://deno.land/x/hono@v3.3.4/compose.ts": "e55ed7be2134f363ff3c8e8e2f520ff682c6a11a47d7189100ed69704ce10b9e",
    "https://deno.land/x/hono@v3.3.4/context.ts": "a9d2dba3528df1a804d78630f867a8aaee2ebc8b498c5c781eeb057539dedb20",
    "https://deno.land/x/hono@v3.3.4/hono-base.ts": "5d01ed8a5ccddb769b5c7a03ba52b9f4c5614e064e67b20e56ff5b10e753bb75",
    "https://deno.land/x/hono@v3.3.4/hono.ts": "c185fae30dc3aa9966b0f3e8599f81314ba5e8621b907d27cffb77414a1c0908",
    "https://deno.land/x/hono@v3.3.4/http-exception.ts": "6071df078b5f76d279684d52fe82a590f447a64ffe1b75eb5064d0c8a8d2d676",
    "https://deno.land/x/hono@v3.3.4/middleware.ts": "45f7b75d3e589dcae6952cd5b4fa460c3c1a7cf8155fdae74e69bac4e5615f25",
    "https://deno.land/x/hono@v3.3.4/middleware/basic-auth/index.ts": "5505288ccf9364f56f7be2dfac841543b72e20656e54ac646a1a73a0aa853261",
    "https://deno.land/x/hono@v3.3.4/middleware/bearer-auth/index.ts": "11d4ead9b57f5bcb2b6b4bf27076871f15da0e1e8828b2b79d90c15423357b47",
    "https://deno.land/x/hono@v3.3.4/middleware/cache/index.ts": "9e5d31d33206bb5dba46dde16ed606dd2cb361d75c26b02e02c72bd1fb6fe53e",
    "https://deno.land/x/hono@v3.3.4/middleware/compress/index.ts": "0b8ddbd70688361d5ef4e9418afa28affe2500a7f41a231a87873dad26ef5548",
    "https://deno.land/x/hono@v3.3.4/middleware/cookie/index.ts": "36d767c74a26cbb4dca581a0817e72cb698cd218d3f58176f38c04d421770940",
    "https://deno.land/x/hono@v3.3.4/middleware/cors/index.ts": "c227e20bdd6481120e39a222e8dcec24ab129714748f68f3ddc859ef6855fe0f",
    "https://deno.land/x/hono@v3.3.4/middleware/etag/index.ts": "cef6d5e7a11aa692f6c519419edc0fb2aa66bccca9908e0bb307a15f38afb6b7",
    "https://deno.land/x/hono@v3.3.4/middleware/html/index.ts": "a5028d8170dcc030d003749e743213e6532ff65798b741b81220207abc9af82d",
    "https://deno.land/x/hono@v3.3.4/middleware/jsx/index.ts": "b86d2b1f333ccb3a6ffc3c77928ef8734cdfce90f10b26b01682dfd4fe192b5e",
    "https://deno.land/x/hono@v3.3.4/middleware/jwt/index.ts": "6a8fa9ca42e49756dd1b8db6f0abe5b6684681ece8fc7f65a4892f7a82000236",
    "https://deno.land/x/hono@v3.3.4/middleware/logger/index.ts": "c139f372f482baeffbad68b14bef990e011fe8df578dcee71fb612ffad7fe748",
    "https://deno.land/x/hono@v3.3.4/middleware/powered-by/index.ts": "c36b7a3d1322c6a37f3d1510f7ff04a85aa6cacfac2173e5f1913eb16c3cc869",
    "https://deno.land/x/hono@v3.3.4/middleware/pretty-json/index.ts": "f4a4b2fa2ecb73e23da6f0ef716fe7d6a7f05c69f64dc7f89fc68cbcb204a87f",
    "https://deno.land/x/hono@v3.3.4/middleware/timing/index.ts": "d6976a07d9d51a7b26dae1311fe51d0744f7d234498bac3fe024ec7088c0ca47",
    "https://deno.land/x/hono@v3.3.4/mod.ts": "be5c09896830494225a12488e3e086b331b9c8829f66cc529cb8636a0c15f6fe",
    "https://deno.land/x/hono@v3.3.4/request.ts": "abbfbd63516c7ee60445b85a5ae8d45a8c9b4dc1a536af5cf84ff73b742ebda4",
    "https://deno.land/x/hono@v3.3.4/router.ts": "d03e2a9e862c898e8555b451ba80c65b1f39d487230815229e1f046dbd8546cb",
    "https://deno.land/x/hono@v3.3.4/router/linear-router/index.ts": "8a2a7144c50b1f4a92d9ee99c2c396716af144c868e10608255f969695efccd0",
    "https://deno.land/x/hono@v3.3.4/router/linear-router/router.ts": "90d4afc052b72f53dafbcf97fd32f24299b985f8a35dbdc70b28048201b3dcbc",
    "https://deno.land/x/hono@v3.3.4/router/pattern-router/index.ts": "304a66c50e243872037ed41c7dd79ed0c89d815e17e172e7ad7cdc4bc07d3383",
    "https://deno.land/x/hono@v3.3.4/router/pattern-router/router.ts": "8107b92cb713ba3727639c76fab44fd26883d5f2fa7dd39242150a0f269d4835",
    "https://deno.land/x/hono@v3.3.4/router/reg-exp-router/index.ts": "52755829213941756159b7a963097bafde5cc4fc22b13b1c7c9184dc0512d1db",
    "https://deno.land/x/hono@v3.3.4/router/reg-exp-router/node.ts": "8006b5bccb83d9fc98e0562a5545f6dd0be639ce445b089a6171c9c617aa8693",
    "https://deno.land/x/hono@v3.3.4/router/reg-exp-router/router.ts": "aeddd88e16a7ec3cf088a13ee952cfcb3319f97559767253e1a600f72fc70f27",
    "https://deno.land/x/hono@v3.3.4/router/reg-exp-router/trie.ts": "567493b301c44174f0895aedb8d055bbecf88f8a25626fa8ca61333bbd0c882c",
    "https://deno.land/x/hono@v3.3.4/router/smart-router/index.ts": "74f9b4fe15ea535900f2b9b048581915f12fe94e531dd2b0032f5610e61c3bef",
    "https://deno.land/x/hono@v3.3.4/router/smart-router/router.ts": "38209165dadea4182b42807a0a6c84a9258532a07ebf87262dc2b5b09d25a2a2",
    "https://deno.land/x/hono@v3.3.4/router/trie-router/index.ts": "3eb75e7f71ba81801631b30de6b1f5cefb2c7239c03797e2b2cbab5085911b41",
    "https://deno.land/x/hono@v3.3.4/router/trie-router/node.ts": "a52111dea7436d6817ffca04018eb65e552e9d7b15fba11b367016334dcb1b0f",
    "https://deno.land/x/hono@v3.3.4/router/trie-router/router.ts": "ad0b3fdabc33abd11a9f5819734aec743602a743cfc9f90ddad73787cd5e7727",
    "https://deno.land/x/hono@v3.3.4/types.ts": "d9733cf808ae9828fb12b62ff4decc23992da8f2050294a16e4af6d90db302f3",
    "https://deno.land/x/hono@v3.3.4/utils/body.ts": "67627aaac6ea8d3d2f2ffcb0aabccfe0c854ee11eaecd36dfcc2f012005337f7",
    "https://deno.land/x/hono@v3.3.4/utils/buffer.ts": "d28ab08d2571e890ec2ad7ce4c0318a503094f8403eac3d5eb18a8e5c23b29b2",
    "https://deno.land/x/hono@v3.3.4/utils/cookie.ts": "ff2f948c27fb8867fc990b1b6b182dfbe4c263c60a94cd33aefa77af5cdb1655",
    "https://deno.land/x/hono@v3.3.4/utils/crypto.ts": "bda0e141bbe46d3a4a20f8fbcb6380d473b617123d9fdfa93e4499410b537acc",
    "https://deno.land/x/hono@v3.3.4/utils/encode.ts": "3b7c7d736123b5073542b34321700d4dbf5ff129c138f434bb2144a4d425ee89",
    "https://deno.land/x/hono@v3.3.4/utils/filepath.ts": "0059e4d88e62c3630aa67bd51eca0a6d4767c7e5d472d0ea2e1fec691008d152",
    "https://deno.land/x/hono@v3.3.4/utils/html.ts": "1477ec181dfa6d17bf7f4dd516843f530c7d0c6b139e260ff51207fe7de18bbb",
    "https://deno.land/x/hono@v3.3.4/utils/http-status.ts": "e0c4343ea7717c314dc600131e16b636c29d61cfdaf9df93b267258d1729d1a0",
    "https://deno.land/x/hono@v3.3.4/utils/jwt/index.ts": "5e4b82a42eb3603351dfce726cd781ca41cb57437395409d227131aec348d2d5",
    "https://deno.land/x/hono@v3.3.4/utils/jwt/jwt.ts": "e822e0c183cdc77709ccfba7b527f624f695c149425a00602d314165a87ee1bf",
    "https://deno.land/x/hono@v3.3.4/utils/jwt/types.ts": "16d7fa878a875eddd0049f0aa0192075058f19d51816a5d484d9b80e4d27abea",
    "https://deno.land/x/hono@v3.3.4/utils/mime.ts": "e17bdbac85b97c3d223c48874c2abe867e0720461e9f7e0c340141c080b9c6d6",
    "https://deno.land/x/hono@v3.3.4/utils/types.ts": "634ee00ae271302b2decf73edb91d843feb9fc7bfd43ea643d1b14861914577d",
    "https://deno.land/x/hono@v3.3.4/utils/url.ts": "ad1c84749c1d8fc9b069a074003855b52c04bd56b64ac731a0abc276dfe90dcc",
    "https://deno.land/x/hono@v3.3.4/validator/index.ts": "6c986e8b91dcf857ecc8164a506ae8eea8665792a4ff7215471df669c632ae7c",
    "https://deno.land/x/hono@v3.3.4/validator/validator.ts": "e52183ddf8cefc3cfe2788802fe6ce766df8ac904df485107b01cbcca167dbad",
    "https://deno.land/x/valibot@v0.5.0/mod.ts": "62e8bad0367465ff9baf1861ba23e51e2fe19feaea2fe298965f1b4d46a30ac8",
    "https://deno.land/x/valibot@v0.5.0/src/error/ValiError/ValiError.ts": "786849a615da26a4db0a1f637bf6c2612f670578d43bf48813c13ea248cd27f0",
    "https://deno.land/x/valibot@v0.5.0/src/error/ValiError/index.ts": "cf20d1fb4425bf9824c0b8e6c42743409ac9b79dd71f92b9fdbf8168ce303594",
    "https://deno.land/x/valibot@v0.5.0/src/error/flatten/flatten.ts": "7ed90449859de3d238e81166e6d42b51ed0c67b0a1c82cf9db7c9e7a720ea24f",
    "https://deno.land/x/valibot@v0.5.0/src/error/flatten/index.ts": "253b6a678058122873a54cbbf6bd6599d9538bec3586339cff242a2fa11124b3",
    "https://deno.land/x/valibot@v0.5.0/src/error/index.ts": "582ea7635c2b29035e77909ba66184756ccadfe801441fe856d301abf3f016e2",
    "https://deno.land/x/valibot@v0.5.0/src/index.ts": "f5800fee7d93c6011eaa69ceb4abc40ec4078a674f61b09024a5188eafe95dfe",
    "https://deno.land/x/valibot@v0.5.0/src/methods/coerce/coerce.ts": "ce07597145a5c6c2d55e600e9ded99f3ad5d1bea06449214598502cd7bf5499d",
    "https://deno.land/x/valibot@v0.5.0/src/methods/coerce/coerceAsync.ts": "011b3c57f5563c54af8040a87cd612b23959e19b9a94f7e96ca0cf04152f1682",
    "https://deno.land/x/valibot@v0.5.0/src/methods/coerce/index.ts": "ee64fe8c55b0d2ae738013ada9db92178a245bb67e68d1fc906e45a284485362",
    "https://deno.land/x/valibot@v0.5.0/src/methods/index.ts": "01be8cd22a4c3296eaf70e1c05f627e02e9622504b43bde2e58ff01d9fba0216",
    "https://deno.land/x/valibot@v0.5.0/src/methods/keyof/index.ts": "7d50e6f637ee4a19365e3044b83ff1821bab4367271c057781e396324b93cf3c",
    "https://deno.land/x/valibot@v0.5.0/src/methods/keyof/keyof.ts": "faa41832458a8d9ab7b780de44b19b3f80afe9608dad2863151f3fac75fa7e97",
    "https://deno.land/x/valibot@v0.5.0/src/methods/merge/index.ts": "ca839a5e99996869dc9bc9522a4791d342dd1071d4c7ef5fda42a7a3b1ddbf23",
    "https://deno.land/x/valibot@v0.5.0/src/methods/merge/merge.ts": "e618ee3ca3d98f016fdb9db12176030c1742d9ea9e1af1e2bd1baacf3f8186f4",
    "https://deno.land/x/valibot@v0.5.0/src/methods/merge/mergeAsync.ts": "d6f120ec5ccd6adf706f9e77e884b8a6849d9582fb3b30593c225fa79e47a0ac",
    "https://deno.land/x/valibot@v0.5.0/src/methods/merge/types.ts": "54c2c1fca949c994387c6b1e829ce9422cdb366aee637f68cd20c98feb5ff512",
    "https://deno.land/x/valibot@v0.5.0/src/methods/omit/index.ts": "85e672fea9a1146e9efd099bc5fac0e9617c7d941eb3f1afce5160c95c6d8561",
    "https://deno.land/x/valibot@v0.5.0/src/methods/omit/omit.ts": "ea656b9f7eb1c6c04041e52107ea3d41626237571771eb8c7f338f0e5549a757",
    "https://deno.land/x/valibot@v0.5.0/src/methods/omit/omitAsync.ts": "4b910ddec2f5fefdca3819b505b154297ad212326955d47f0dca53a4e0dba9f7",
    "https://deno.land/x/valibot@v0.5.0/src/methods/omit/types.ts": "2603840b412bb219e9eea4181e1b72e46e348e34f80e49710f11355a1155f5b5",
    "https://deno.land/x/valibot@v0.5.0/src/methods/parse/index.ts": "669ec1a3e7e825f7344f78162e9396fa18106ebc3cb5118a2d97077a3a78c037",
    "https://deno.land/x/valibot@v0.5.0/src/methods/parse/parse.ts": "7f0f07759a9567ac08cc1120108dda68fc9e10d0c4f82faeb5f29bdc6030f874",
    "https://deno.land/x/valibot@v0.5.0/src/methods/parse/parseAsync.ts": "19fa96684630edc26aff2410b633602cac63dd64056377c977d1cea9c3f3c403",
    "https://deno.land/x/valibot@v0.5.0/src/methods/partial/index.ts": "2c9fbdbb46230dfb88433be8bcb32bbce703856d73dd80e520c489fda18dea8e",
    "https://deno.land/x/valibot@v0.5.0/src/methods/partial/partial.ts": "df6f8451838f8f118ad1ac0379b7e9e9a1eb12cfe1711fdbd3f9614c7427b709",
    "https://deno.land/x/valibot@v0.5.0/src/methods/partial/partialAsync.ts": "2342b7fd1e38b7ac9603f88a765eecee540972845d615a450ea1c67f1517a4be",
    "https://deno.land/x/valibot@v0.5.0/src/methods/pick/index.ts": "29b89f8597ddc130e8b8ce9ddacddd95e3deeea492c2f6a3f7a6ee17318bebbe",
    "https://deno.land/x/valibot@v0.5.0/src/methods/pick/pick.ts": "662a5ea67f443b91ec25bc31a528f4ec52b46569264b88ec87f4245229672e55",
    "https://deno.land/x/valibot@v0.5.0/src/methods/pick/pickAsync.ts": "1c6e6bf8ba8b65044925541ae64bf80e1af52e64b2aa8599d66a7940b48ba949",
    "https://deno.land/x/valibot@v0.5.0/src/methods/required/index.ts": "9bdcaedd3f4e8cf66620c77a427dfbae8bcd2c393dc5cac460287cea8ab4c59f",
    "https://deno.land/x/valibot@v0.5.0/src/methods/required/required.ts": "eeb446771c6eaa7f47e7cfbcb5bd80a7e9d4120e457dc9570e467386b6351a55",
    "https://deno.land/x/valibot@v0.5.0/src/methods/required/requiredAsync.ts": "1172a99ef5bbcfd53e8f81ad7b0c2abe7622fb777590497135893fd16c8359a2",
    "https://deno.land/x/valibot@v0.5.0/src/methods/safeParse/index.ts": "c87c1baaf1adb34ce3da94e56b53369d4d4bd79bd1593750b25fc227c64a0fc8",
    "https://deno.land/x/valibot@v0.5.0/src/methods/safeParse/safeParse.ts": "d35410fbe41cbcd626edd8dc05cb95e9976f77cc4c80023b50995574cde3617b",
    "https://deno.land/x/valibot@v0.5.0/src/methods/safeParse/safeParseAsync.ts": "1760af72e6c0e0ef8a7b99dc7e4b096f18fc07c5177d189f2fc1b286d80db827",
    "https://deno.land/x/valibot@v0.5.0/src/methods/transform/index.ts": "d70b89ce2088b9cf07b371d7b03a5634f6fb92411a636d06addafc5b26c712a0",
    "https://deno.land/x/valibot@v0.5.0/src/methods/transform/transform.ts": "f7d24f78c04412ef88d69d01f950498e89333db1d6618ffc36e3a1e53fd959ae",
    "https://deno.land/x/valibot@v0.5.0/src/methods/transform/transformAsync.ts": "21c72103ae535cb66fc7ae9235c57e5b92a99ab2447cba66eac6d50491cc7c8a",
    "https://deno.land/x/valibot@v0.5.0/src/methods/unwrap/index.ts": "c650d5956fec65bb504a21ffb825c0b166ab8600acbf4b245b529000c2603458",
    "https://deno.land/x/valibot@v0.5.0/src/methods/unwrap/unwrap.ts": "1d57da5d9a967cb7cdd3f7db26b0ace22c47d4a9742fc230bfe393533ea51c8d",
    "https://deno.land/x/valibot@v0.5.0/src/methods/useDefault/index.ts": "effac94e5eeac9c2f8c92ace11382b3fa3101641d6c6ddcfa4c2018482bce5a5",
    "https://deno.land/x/valibot@v0.5.0/src/methods/useDefault/useDefault.ts": "a7e5cc261ec9ae59e6d5bc89e7a2b46a59c6f2f66578fdc16af0d706fd9583e0",
    "https://deno.land/x/valibot@v0.5.0/src/schemas/any/any.ts": "aa2cb68a4287b10e2317c0b5a483c340f4cf880fd9f299f678087a11771f7857",
    "https://deno.land/x/valibot@v0.5.0/src/schemas/any/anyAsync.ts": "a7da1db2f20b6d9164d959664ff828cac4c25b6322ee49d7ea2e97b481918112",
    "https://deno.land/x/valibot@v0.5.0/src/schemas/any/index.ts": "de190728871b0117983dae84695568b0914e3f1118e9491aeee9f2b443db84ad",
    "https://deno.land/x/valibot@v0.5.0/src/schemas/array/array.ts": "0076e5a73018ba09d3176424483ccd569248769d8a95d6834b07d019d3340a09",
    "https://deno.land/x/valibot@v0.5.0/src/schemas/array/arrayAsync.ts": "d704fd502e2dbcb7a727850bf5329df90eedf4a2c7400c11d526a24cd502f496",
    "https://deno.land/x/valibot@v0.5.0/src/schemas/array/index.ts": "c5dcf486d94c05de9c21bcd267757e41ccba36aa790da73512a18074cfbe6991",
    "https://deno.land/x/valibot@v0.5.0/src/schemas/bigint/bigint.ts": "69286f1555b2fd60fab82338ed6e2f51aacab2da2d1c6136ca42d4e8682f97a4",
    "https://deno.land/x/valibot@v0.5.0/src/schemas/bigint/bigintAsync.ts": "a98b1e6112e74534aafbf52bed555178860677c12b1c02e157071ef8fccb8938",
    "https://deno.land/x/valibot@v0.5.0/src/schemas/bigint/index.ts": "63947da2d953783500de43444755b403c54a9ab3419684d972f744090cb8d9a5",
    "https://deno.land/x/valibot@v0.5.0/src/schemas/blob/blob.ts": "7e28b73bd0e7b1c3dcc889ad18c67e882a1118b885986e18ad945d1daa65f02c",
    "https://deno.land/x/valibot@v0.5.0/src/schemas/blob/blobAsync.ts": "27f324f12cac3a8a0c6df656054eff4a8aff3b35979a4f5a2165cf60b2f4561b",
    "https://deno.land/x/valibot@v0.5.0/src/schemas/blob/index.ts": "bbee52cbc45e9863d70701ee816a653e43bb252f38f0cd56390cb0f15e2d96ed",
    "https://deno.land/x/valibot@v0.5.0/src/schemas/boolean/boolean.ts": "039b198bd0e5cfe3c91216fe3d49038a3be6c6f8068b381f31ae402a0681aaa0",
    "https://deno.land/x/valibot@v0.5.0/src/schemas/boolean/booleanAsync.ts": "e2a82a11a2e70558981bfe219ae220917db3e37c1108700e42c2e39f1966dbde",
    "https://deno.land/x/valibot@v0.5.0/src/schemas/boolean/index.ts": "55b310528887b6f55ad1dce9efb2825a23ccb7688cf73ffa16582924da6cdaa2",
    "https://deno.land/x/valibot@v0.5.0/src/schemas/date/date.ts": "cb9853c1b14f022723be6e7f8bfdb22b200f7996a20ef93debd81fe34a11a456",
    "https://deno.land/x/valibot@v0.5.0/src/schemas/date/dateAsync.ts": "6b4e3e552145e07b9e0c0d9aec7db6b6c4ddb609135c2ab133dc10bd0103a451",
    "https://deno.land/x/valibot@v0.5.0/src/schemas/date/index.ts": "054c71ead21736a8806abaee377e190e9258db90c218b63f05e0619074456a57",
    "https://deno.land/x/valibot@v0.5.0/src/schemas/enumType/enumType.ts": "772f9ce04df8c347d4d41baf5cacf3c55f83afd26435dd697db8ae7e1f952372",
    "https://deno.land/x/valibot@v0.5.0/src/schemas/enumType/enumTypeAsync.ts": "e888ef03433a8e58423f39647408959ca9689bdc47604452fe9907cd8b1eb2a1",
    "https://deno.land/x/valibot@v0.5.0/src/schemas/enumType/index.ts": "1fe20f6a45b261e0f3b94d9e57e31d1fb9bc3a6ee6415d4c31f8601f75e2ceb4",
    "https://deno.land/x/valibot@v0.5.0/src/schemas/index.ts": "8e24d0f5502049906db3917a33791053f8671e4351d04b42d3b50940e7db7155",
    "https://deno.land/x/valibot@v0.5.0/src/schemas/instance/index.ts": "527dde08b093322fc5a09488d3cb883b1d1bb25e01e2f8a7f3eabab8e2a4cc8e",
    "https://deno.land/x/valibot@v0.5.0/src/schemas/instance/instance.ts": "249d1298f542fd74118a9a6a30f23a6c75eabf92f6143947af6a3ac33ef1e126",
    "https://deno.land/x/valibot@v0.5.0/src/schemas/instance/instanceAsync.ts": "d6c870e0d4bf5c8fc28b77978bab3af7066b5a8b92f634673138326856f53e55",
    "https://deno.land/x/valibot@v0.5.0/src/schemas/literal/index.ts": "e54f3f668d3800c344f6385930723e7d49b42aae26fbce95680f316dbe9d113a",
    "https://deno.land/x/valibot@v0.5.0/src/schemas/literal/literal.ts": "dcdcb81841be678b0a898b126b29618c311fda0acf1b1821086cdfe092131b48",
    "https://deno.land/x/valibot@v0.5.0/src/schemas/literal/literalAsync.ts": "be8fa99e369f02a6264b61914b1a47e0137be6949f9afea47b4ec7f5171f5d4d",
    "https://deno.land/x/valibot@v0.5.0/src/schemas/map/index.ts": "39056f98686cc72b3de9a4c590bf690ec6282d781795ce72fd1cb4ab14bfee87",
    "https://deno.land/x/valibot@v0.5.0/src/schemas/map/map.ts": "f70b6dce410da5638abdd7a81c7e6f96a8f1c1b4b9cd1488777841ff28faf902",
    "https://deno.land/x/valibot@v0.5.0/src/schemas/map/mapAsync.ts": "800181985b25f24fe55a02af0adffe91b04b146e27612c1a2263db427638eced",
    "https://deno.land/x/valibot@v0.5.0/src/schemas/map/types.ts": "c7437b7cc51e263d21d94de4e35f5c664706f38dfc087401711c6d564ea0e209",
    "https://deno.land/x/valibot@v0.5.0/src/schemas/nan/index.ts": "24dd3ab7f2cfbcafb941b5334e40f8a3bdc6f7ff6e426056af5d0dc32447da5b",
    "https://deno.land/x/valibot@v0.5.0/src/schemas/nan/nan.ts": "4913eace6fb4520c0a05213f0dda1be02467a72690340c0ea009f2d65b4bf500",
    "https://deno.land/x/valibot@v0.5.0/src/schemas/nan/nanAsync.ts": "6cf8d62c98b276899874c04286788fa5f24869740b7b45e9d8edc0453a5b64df",
    "https://deno.land/x/valibot@v0.5.0/src/schemas/nativeEnum/index.ts": "3077b9605c597f138ee1f822b95b070ae2d02f0106e776da89d308766d0af56b",
    "https://deno.land/x/valibot@v0.5.0/src/schemas/nativeEnum/nativeEnum.ts": "c92f51012f5f703582e320513fe4dfbd536c60ab5d5678474ce3dc353253ab4e",
    "https://deno.land/x/valibot@v0.5.0/src/schemas/nativeEnum/nativeEnumAsync.ts": "928a073e76cd862a8c954e373771f5ea4931694a6724e75eb54899ea33975fac",
    "https://deno.land/x/valibot@v0.5.0/src/schemas/never/index.ts": "15342661525254629f49bf24a5170373539604280d70fa678911f22803280bc2",
    "https://deno.land/x/valibot@v0.5.0/src/schemas/never/never.ts": "4d4ffa7d2cc95c0c5056e05888cf94f83cdfaca83337a8f6f284628d403894df",
    "https://deno.land/x/valibot@v0.5.0/src/schemas/never/neverAsync.ts": "ae5a9b5b41c12a881aae1252222e56e41d8f32250ad4759590226d916e9fc5e9",
    "https://deno.land/x/valibot@v0.5.0/src/schemas/nonNullable/index.ts": "a7325d23d2689a72dbbb2521fd012259ce23dfff4d09a1c4e616b4eda4f92d1b",
    "https://deno.land/x/valibot@v0.5.0/src/schemas/nonNullable/nonNullable.ts": "4191d5a2128e209d60a3cbbf8d1f3cc0d093d76f7cd8f8517759fef1c0cfbe0a",
    "https://deno.land/x/valibot@v0.5.0/src/schemas/nonNullable/nonNullableAsync.ts": "17f90baa5ecd5ea84c07603ea3fb7bb10282b74d5dde980718b68745d3d7fee5",
    "https://deno.land/x/valibot@v0.5.0/src/schemas/nonNullish/index.ts": "74cb026803df4042c74913e2256c500f0ededf1c939654504b985799e5bea1c2",
    "https://deno.land/x/valibot@v0.5.0/src/schemas/nonNullish/nonNullish.ts": "63ac1ea1facc7ed8192e65dce3c07de4823c5e8887235c095465d1583b93c277",
    "https://deno.land/x/valibot@v0.5.0/src/schemas/nonNullish/nonNullishAsync.ts": "cfb6f8809ca00226abaa56b56fac13835d11c8c76ef52cd87026fed64a1d3444",
    "https://deno.land/x/valibot@v0.5.0/src/schemas/nonOptional/index.ts": "537b4db27c7c6f64a8e1f83684eebec45d6a9acea98118dfa2c51eccd5ae3be2",
    "https://deno.land/x/valibot@v0.5.0/src/schemas/nonOptional/nonOptional.ts": "f9082b5572cf12b440153d55264f2a071ec1918fc7a786c00644614c4453049e",
    "https://deno.land/x/valibot@v0.5.0/src/schemas/nonOptional/nonOptionalAsync.ts": "49f5b9fb3280fe9c2d45e5771cd9b9c8723aa22d399e918a2b5ce8a4f213c15d",
    "https://deno.land/x/valibot@v0.5.0/src/schemas/nullType/index.ts": "da90e26dbe4c3b706166798d244ffc2bcfbbf3f944922108f481ed56412202a9",
    "https://deno.land/x/valibot@v0.5.0/src/schemas/nullType/nullType.ts": "a68036d55b895e5703221ab26ef7673ba92985a03c2de1fa8f79739484ff453b",
    "https://deno.land/x/valibot@v0.5.0/src/schemas/nullType/nullTypeAsync.ts": "3be6f007c03b6ce8ab04dd57400b487f7dcb65121fca31ca6fb1bbfbb4abb9e1",
    "https://deno.land/x/valibot@v0.5.0/src/schemas/nullable/index.ts": "aef898ad0cedabb408eb1476843548a4de42139c9704101fe11c0c3068271a4e",
    "https://deno.land/x/valibot@v0.5.0/src/schemas/nullable/nullable.ts": "15e429ce822ee0a7375601c22eeefe295ef0494420a8a2eca100feb23127b45a",
    "https://deno.land/x/valibot@v0.5.0/src/schemas/nullable/nullableAsync.ts": "e13e95f8ea69248d903120d3d3d78141b61fa8d41eb590143c4e08db85f21a26",
    "https://deno.land/x/valibot@v0.5.0/src/schemas/nullish/index.ts": "98735c824ddfe5d96bd802db3937b5c5c47c87470a4766ce60cf4c381c3b0327",
    "https://deno.land/x/valibot@v0.5.0/src/schemas/nullish/nullish.ts": "04f75db2ce98e79ada7ad794ff8eca68e5d65c43aab0cc84441f582126237043",
    "https://deno.land/x/valibot@v0.5.0/src/schemas/nullish/nullishAsync.ts": "e37346c004c2ce164d8d4fcfb16bae79287c9f42166c675d88e97a18945d8a28",
    "https://deno.land/x/valibot@v0.5.0/src/schemas/number/index.ts": "21e61a3f12f35f4ad5b1c6691624502218a4df864dbebdcafbbd3d027fb4615d",
    "https://deno.land/x/valibot@v0.5.0/src/schemas/number/number.ts": "ffc26a355b78c495c85f331e50a5bfe38d1ed9ceed108a6795e70af954cd67df",
    "https://deno.land/x/valibot@v0.5.0/src/schemas/number/numberAsync.ts": "a017115f59b616e52251512becd0c3e1ca0ecaa96f4457c91e494a62315269a0",
    "https://deno.land/x/valibot@v0.5.0/src/schemas/object/index.ts": "6cd2f39fa479fe547d7bcaa5dadf876c9b2a383e7f7394c0e32e3ca085d3d27d",
    "https://deno.land/x/valibot@v0.5.0/src/schemas/object/object.ts": "10c65b2717a723a11d7b884d79c0fc50909ed758cab4cab7a96288a0037c6f0c",
    "https://deno.land/x/valibot@v0.5.0/src/schemas/object/objectAsync.ts": "658227f6977f1aefa1d51697f4ca1bed7a5a9a778a288ea15abc5c9aae23fe5e",
    "https://deno.land/x/valibot@v0.5.0/src/schemas/object/types.ts": "5acdb28719b4ddead474c752da351ea4c6ae7bb09129cf46591a04ee24ec053f",
    "https://deno.land/x/valibot@v0.5.0/src/schemas/optional/index.ts": "d9783508e7c2937c07f7b18c48c9184f4ab92958f8145adb897cb5aef5235a4d",
    "https://deno.land/x/valibot@v0.5.0/src/schemas/optional/optional.ts": "2ef7609773d2c29cb1c1749274e89e0bedcd63bc7af837b555236e41f99ca510",
    "https://deno.land/x/valibot@v0.5.0/src/schemas/optional/optionalAsync.ts": "859e6d3d7abba98a5a0eb9c213fe6c4b07194a7336556b54f8eb286fe3ec525e",
    "https://deno.land/x/valibot@v0.5.0/src/schemas/record/index.ts": "27ca5007ddfe12cf771c441692d0592ca9dcea0f99ba1b7da016b6fa24899a9c",
    "https://deno.land/x/valibot@v0.5.0/src/schemas/record/record.ts": "62b3c5e89628b0a47e80f6c1b3e71550c6701c39050ec5bdaa6a40d3c53f1804",
    "https://deno.land/x/valibot@v0.5.0/src/schemas/record/recordAsync.ts": "e9f6700716d287cbee4de892eecce6ee1677538fb3cc267d67a13d7234ed1a5c",
    "https://deno.land/x/valibot@v0.5.0/src/schemas/record/types.ts": "258474a4a0c6095cff097dc48c7ad9a1a3d8eac9245c563b26a6af79b715695f",
    "https://deno.land/x/valibot@v0.5.0/src/schemas/recursive/index.ts": "0892fe69cb7bd02fcfd29711795c2aa569644e429d69bbef1bd8cfd8e4c1c9bc",
    "https://deno.land/x/valibot@v0.5.0/src/schemas/recursive/recursive.ts": "1ed9181637cb7097b6ded5da5df4240cd1961e637357c0b26c29c73ca4f4f1b8",
    "https://deno.land/x/valibot@v0.5.0/src/schemas/recursive/recursiveAsync.ts": "20ab89c1f3b98ae6a44183aca6afe0013d4f08c938df11b820cc5857627c46d6",
    "https://deno.land/x/valibot@v0.5.0/src/schemas/set/index.ts": "8545f57266673224be3d065ed39776cc66c2717f409c8bd982632c672e98a261",
    "https://deno.land/x/valibot@v0.5.0/src/schemas/set/set.ts": "56c8ba977b3256864061d4b6c371a3974038901bd0f0cc0587f6abbd19b8c53e",
    "https://deno.land/x/valibot@v0.5.0/src/schemas/set/setAsync.ts": "2e19e6b55b213a6166b74d588d34464944a54f559c2cc2dceb163778b444fe73",
    "https://deno.land/x/valibot@v0.5.0/src/schemas/set/types.ts": "4167bfaf1426c2d4bf0923fa71d4cdad051bde500935e1f7c27a0c8fdad3bfe8",
    "https://deno.land/x/valibot@v0.5.0/src/schemas/special/index.ts": "e860bc91b74ca091d8ff7241b22fe63367a166fda8b4b9d16c1d9c762d0f093c",
    "https://deno.land/x/valibot@v0.5.0/src/schemas/special/special.ts": "bf8517f402a003122667261047b2dbb9665f038f9099d1afc49a16499a6f9a8b",
    "https://deno.land/x/valibot@v0.5.0/src/schemas/special/specialAsync.ts": "1a94ae304cef2701a6d0a8fc45fd8ec6d10c0ad0298618caef477fbc21c28ac8",
    "https://deno.land/x/valibot@v0.5.0/src/schemas/string/index.ts": "ab64782b4c251728ac5ee210edc4cc2f10c9bf4e83b4db93958148563ba37417",
    "https://deno.land/x/valibot@v0.5.0/src/schemas/string/string.ts": "1f5276b5eb45b3e6de03d1f1f702d6ba42195641cc9a29193cb2f92296b7313e",
    "https://deno.land/x/valibot@v0.5.0/src/schemas/string/stringAsync.ts": "735347112a92e14c41d22f278d3d222115d061149a49cf8ba493b2286e656a81",
    "https://deno.land/x/valibot@v0.5.0/src/schemas/symbol/index.ts": "2af72055bc535190e3105623399ca989e38cebb3008b494014d38480b9da17ba",
    "https://deno.land/x/valibot@v0.5.0/src/schemas/symbol/symbol.ts": "598fc5f0ec17a2ee82f36a9d6ed50aaa22aea01ac0bfd5d2614a70e3427a4641",
    "https://deno.land/x/valibot@v0.5.0/src/schemas/symbol/symbolAsync.ts": "720aa18904d04530aa2b0bb505e65b529bc32d256952003afe92afcb4508d9a7",
    "https://deno.land/x/valibot@v0.5.0/src/schemas/tuple/index.ts": "99e8340659655b7c63192256a6dea75a72d2677c7be4d716a35ba43f1778b3ce",
    "https://deno.land/x/valibot@v0.5.0/src/schemas/tuple/tuple.ts": "bffb0802ad214ce8b10af6840e05f463841a827bf6764934a0483e887ff606f8",
    "https://deno.land/x/valibot@v0.5.0/src/schemas/tuple/tupleAsync.ts": "23b45736a9b68470698c4cd5d798098e8ce54889bb622e47d7d27be627bdd8b0",
    "https://deno.land/x/valibot@v0.5.0/src/schemas/tuple/types.ts": "cf6013039d453b799fa7a88ee475a521df87aeb8abb8d806c108ce6af1dbaac5",
    "https://deno.land/x/valibot@v0.5.0/src/schemas/undefinedType/index.ts": "f7fbc79aaa225cdc670469c87de904db72a2b83167c7f4c6f25e5aa1e5f0afcd",
    "https://deno.land/x/valibot@v0.5.0/src/schemas/undefinedType/undefinedType.ts": "d88d223cf46652ab0e693cde46796bfefe9a62c50b3fe1e1433552d6033790de",
    "https://deno.land/x/valibot@v0.5.0/src/schemas/undefinedType/undefinedTypeAsync.ts": "63470bc4b609ee2cd24f8696707eb49c381643e8d946bf274673b51705611d2f",
    "https://deno.land/x/valibot@v0.5.0/src/schemas/union/index.ts": "cc4a28b5dcb866831bbcdb63fc16c179d6340f0d47856f38a3194e213754c230",
    "https://deno.land/x/valibot@v0.5.0/src/schemas/union/union.ts": "8d8b9bef8d97a5ba80b9e96c8dbc981a3e3180b7966de7446619bb655e328aed",
    "https://deno.land/x/valibot@v0.5.0/src/schemas/union/unionAsync.ts": "5657db6b4771d6798446b363c1b18c83b5e629e6f5693194443a160ea0ec6702",
    "https://deno.land/x/valibot@v0.5.0/src/schemas/unknown/index.ts": "10361f5acf37be09d4762a1050df606792e89bbecb7e5ad3897e1f44fecbb424",
    "https://deno.land/x/valibot@v0.5.0/src/schemas/unknown/unknown.ts": "82a6285c4fc8e9c3ba2c26b044e5656167f0e39a8fa6266667b4a68dc3d39d82",
    "https://deno.land/x/valibot@v0.5.0/src/schemas/unknown/unknownAsync.ts": "6657c2cbd467892775f36b445d9555606c12fea9dfe68514d23d40ca7b5c5a4a",
    "https://deno.land/x/valibot@v0.5.0/src/schemas/voidType/index.ts": "fcfabeb131eb3dd34f551177d250211ac246d002b1ed7fd69e9292bfd44a61e9",
    "https://deno.land/x/valibot@v0.5.0/src/schemas/voidType/voidType.ts": "a0641974dd9b25f085454648934ce39c605cdab1056b68ea2f51d5c1ec54a126",
    "https://deno.land/x/valibot@v0.5.0/src/schemas/voidType/voidTypeAsync.ts": "1b5e369490275e305318d780b728abf0b3d04e28d2f8ab9890769639428ce861",
    "https://deno.land/x/valibot@v0.5.0/src/transformations/index.ts": "5ffc7554c3ef1dcca09872a849a18dff50a504d5b6a1fbfaad08a35908e6d290",
    "https://deno.land/x/valibot@v0.5.0/src/transformations/toCustom/index.ts": "ced6ce683906043c915c47b9bc3c37760568e8731234ed52378cc0ed297dfc27",
    "https://deno.land/x/valibot@v0.5.0/src/transformations/toCustom/toCustom.ts": "641cbad00e308ee24265500958cf7c2d461bcbaaa4d9c26f20005d6514cddfb0",
    "https://deno.land/x/valibot@v0.5.0/src/transformations/toCustom/toCustomAsync.ts": "565cf380d2dc7c31fd62f632106db6f5cb140e8f03da588debcc8276a34fda66",
    "https://deno.land/x/valibot@v0.5.0/src/transformations/toLowerCase/index.ts": "240601776aafe99170f1d5f541156eb47ef6b1de18e4bc1fb0f3c9ccaf2a2ebe",
    "https://deno.land/x/valibot@v0.5.0/src/transformations/toLowerCase/toLowerCase.ts": "5687a96b4d57e6e5f022e689da4136860d38761f48abca9ca63f1b7035504f33",
    "https://deno.land/x/valibot@v0.5.0/src/transformations/toTrimmed/index.ts": "63e67ebb0cb8e2840fcced3acf728c63cab84f60bb23dd4a407fcb3d6f28be06",
    "https://deno.land/x/valibot@v0.5.0/src/transformations/toTrimmed/toTrimmed.ts": "4239365a0ddcd3b35613ac42374d9c4bcf1bad8e9e6ee07231bf90662b5acaee",
    "https://deno.land/x/valibot@v0.5.0/src/transformations/toTrimmedEnd/index.ts": "24893f44e8d38ab65d254c95c8497ca073f592d0ba364b7b10e5b2306d0a1add",
    "https://deno.land/x/valibot@v0.5.0/src/transformations/toTrimmedEnd/toTrimmedEnd.ts": "7725891bdc38178b262eef007e1a0fd77d1957dcd79a00152addb5edf528c156",
    "https://deno.land/x/valibot@v0.5.0/src/transformations/toTrimmedStart/index.ts": "4c392b44580651367853ff74eba47393b02e40f2241583e126fca8088cfc822b",
    "https://deno.land/x/valibot@v0.5.0/src/transformations/toTrimmedStart/toTrimmedStart.ts": "dca14aa51ddda7b16faeff30f5892a262909c1cc62e4fe844308aa7fd76711da",
    "https://deno.land/x/valibot@v0.5.0/src/transformations/toUpperCase/index.ts": "cb5035ed9e693199a85ddf969fa4d1b7d9325084bb584a2b531617e6da9a1617",
    "https://deno.land/x/valibot@v0.5.0/src/transformations/toUpperCase/toUpperCase.ts": "4024a5b1b89856a6046be91be69465dafa239fc4f0e4f7303c81b8bdedab8c94",
    "https://deno.land/x/valibot@v0.5.0/src/types.ts": "46bfdce5b69b2df6e07b495cf36296bb2846e29c2416ecee5346fae39eac0514",
    "https://deno.land/x/valibot@v0.5.0/src/utils/executePipe/executePipe.ts": "44fe41c32ed28188f7303fc7e3a623e38f1abd2eb371788a3467aa41d05a24ba",
    "https://deno.land/x/valibot@v0.5.0/src/utils/executePipe/executePipeAsync.ts": "b8c8bc556bfe01541904d333b98ccff4b094638d02946268c3f764635ccc743e",
    "https://deno.land/x/valibot@v0.5.0/src/utils/executePipe/index.ts": "da7634526bff9387de2f5759c6eb3dbaef2e98070833f229676617b9e685899f",
    "https://deno.land/x/valibot@v0.5.0/src/utils/getCurrentPath/getCurrentPath.ts": "93c8f96a73cc11b97eebf23b27fb812029b5d83b63c867f40169d14976352c3a",
    "https://deno.land/x/valibot@v0.5.0/src/utils/getCurrentPath/index.ts": "3c528a2f2ee35ca351f61255ce52ea52636dc31dcd18d319525744e480a68e7c",
    "https://deno.land/x/valibot@v0.5.0/src/utils/getErrorAndPipe/getErrorAndPipe.ts": "0a68d9dbc39eb878326abf1fafca6d2bd22593ade9ede8310a38c8397ba59f5b",
    "https://deno.land/x/valibot@v0.5.0/src/utils/getErrorAndPipe/index.ts": "9829f6bd5b18a89da5e8de2f42240f7f3d8bf8b568468423c891f71a94a59962",
    "https://deno.land/x/valibot@v0.5.0/src/utils/index.ts": "d909cefd7633d20f54b2e49bad8f1f71479e077897dd85a290412be3d55ddd1b",
    "https://deno.land/x/valibot@v0.5.0/src/validations/bytes/bytes.ts": "7fdc54f0608ccf53f23c0eff467544db4cb2a8c3840f0c128ac4554f6a9fdc93",
    "https://deno.land/x/valibot@v0.5.0/src/validations/bytes/index.ts": "d42afa8054800f1eea871aef06f957c757aa40af6b7409f41aa10e925f23ff35",
    "https://deno.land/x/valibot@v0.5.0/src/validations/custom/custom.ts": "56e393b3a9b8d373eff3b35c4f8c9c2d16869a3d811d274e6613d1a9967b9f09",
    "https://deno.land/x/valibot@v0.5.0/src/validations/custom/customAsync.ts": "f065b35bad97cf623db0e796f79b71e7d1502f86b488567f017e5ba32231b6a7",
    "https://deno.land/x/valibot@v0.5.0/src/validations/custom/index.ts": "b2e137dfd7af4258fd635173bea90539ddaba81a925bfbb806d4189043aae2fc",
    "https://deno.land/x/valibot@v0.5.0/src/validations/email/email.ts": "cdf2e4e29bd102a68838ef47ca448e341b14da5daa0af39b1393c740d9829164",
    "https://deno.land/x/valibot@v0.5.0/src/validations/email/index.ts": "77f6fcd59128ddf81f33c662b5fa687d95652f6791d12e6f419474bc15a5dbc5",
    "https://deno.land/x/valibot@v0.5.0/src/validations/emoji/emoji.ts": "77fb70639a5efefc6ba837ae729e707181a09743b6f8aec5253f31efce3abb53",
    "https://deno.land/x/valibot@v0.5.0/src/validations/emoji/index.ts": "81eefc5fb8a6306aea94c0a4d6b7fcf70982c435366464768276b6af24b59c51",
    "https://deno.land/x/valibot@v0.5.0/src/validations/endsWith/endsWith.ts": "75af97fbd47494ae5983bb60d0b3aa4e7d7d8ebcd696b7a48a04b5273042d7c2",
    "https://deno.land/x/valibot@v0.5.0/src/validations/endsWith/index.ts": "896851359dd0c23387c5c1c3fc5048528ef57ed9881028f4c89c58162aa6e604",
    "https://deno.land/x/valibot@v0.5.0/src/validations/equal/equal.ts": "c4875725fff773769347a812ce75b6d300dc5a0c08c7b61b20b879a7a5917bbd",
    "https://deno.land/x/valibot@v0.5.0/src/validations/equal/index.ts": "23b41ec45acd21ff1c549688ba0d3849498b8810bcf6f224813b1236b4ea5a66",
    "https://deno.land/x/valibot@v0.5.0/src/validations/includes/includes.ts": "2863dd9f47dd860d8300a58e9f5c9406bc6bd0a110f5771aa08317faf7e86b6f",
    "https://deno.land/x/valibot@v0.5.0/src/validations/includes/index.ts": "0b0cdd38157c84347260020127a6d1f461d823b374f69e050e27eb675e28ee35",
    "https://deno.land/x/valibot@v0.5.0/src/validations/index.ts": "38014f68028e8b3626e68e1233b84a8c85c21726b9be16b14413126e54f6d49b",
    "https://deno.land/x/valibot@v0.5.0/src/validations/ip/index.ts": "8facfbc3cc183194dcc000b0dc030bd917ce292d7f2a2a71c801ce77ff8e6cc2",
    "https://deno.land/x/valibot@v0.5.0/src/validations/ip/ip.ts": "0e94c232c8daf886ba0a1d730611eb62de578aab527c934365454fb011bea04c",
    "https://deno.land/x/valibot@v0.5.0/src/validations/ipv4/index.ts": "48105c37b9ec100d49ca0f5abaaa708d8c029d7df50cd28c518a015284fd8b1d",
    "https://deno.land/x/valibot@v0.5.0/src/validations/ipv4/ipv4.ts": "e2fec71072fa78a21fa8ef99834e64b97e6a42d98b582df413d9c101e7b7d2e6",
    "https://deno.land/x/valibot@v0.5.0/src/validations/ipv6/index.ts": "2ab7903d078c35e0d15f78404e26b99252a5fa3448422ed971b8ef12a2911bc4",
    "https://deno.land/x/valibot@v0.5.0/src/validations/ipv6/ipv6.ts": "4390407bc8e1e76cfb5ed8cec9b10d846edc386e4ececdc32b65de455aa93be7",
    "https://deno.land/x/valibot@v0.5.0/src/validations/isoDate/index.ts": "1dca1733a472c3a21244ed4a395382a7836d5d5d1e5ab7a8d8d85b47053db07d",
    "https://deno.land/x/valibot@v0.5.0/src/validations/isoDate/isoDate.ts": "3b07dca1f909cf6f115c7e416106035f3aca16055b46a32e88f1cd5f79b6e413",
    "https://deno.land/x/valibot@v0.5.0/src/validations/isoDateTime/index.ts": "7e55bf21ff01fd4178d38ec00d9e213f4ddf66444e9a1273f8b9e11c3c546919",
    "https://deno.land/x/valibot@v0.5.0/src/validations/isoDateTime/isoDateTime.ts": "59deb279658081e634b498e496fa21b8b8566223f7677a16c227bfa9c7904f23",
    "https://deno.land/x/valibot@v0.5.0/src/validations/isoTime/index.ts": "7d61413b21228bb4ad645af32fae401a7a32e93613b7d8b0fcc266d37ef1a96b",
    "https://deno.land/x/valibot@v0.5.0/src/validations/isoTime/isoTime.ts": "38ae455405c0c6da71567676bb25acf4c8583c6d37cb1cb406d6f5eb0772ce0d",
    "https://deno.land/x/valibot@v0.5.0/src/validations/isoTimeSecond/index.ts": "b3a2ce5ca284f099773cef0c417bb196403c573e3f14c5fe6facf02b84f3f8a9",
    "https://deno.land/x/valibot@v0.5.0/src/validations/isoTimeSecond/isoTimeSecond.ts": "66ffefb661212b7817c4547b87853898799e34ab4d009ab2bac5527b688b62da",
    "https://deno.land/x/valibot@v0.5.0/src/validations/isoTimestamp/index.ts": "d71da9e8fd34761ba29b56a14c1bb1745aee1b2629ba2b7e8a39386ea14793b3",
    "https://deno.land/x/valibot@v0.5.0/src/validations/isoTimestamp/isoTimestamp.ts": "e89eb7dfebdf561a978d9860e9f839c03333f5da462c22d0469dada62c4605a0",
    "https://deno.land/x/valibot@v0.5.0/src/validations/isoWeek/index.ts": "0ab75dc237decd1e17aef15a0df6a758ee78b87e6a66119be6ea53292e157ce4",
    "https://deno.land/x/valibot@v0.5.0/src/validations/isoWeek/isoWeek.ts": "a091f2dae42facb9d431c9cce4d6b0e8ba67d22a5ce8ddb4329d932cc455f9cd",
    "https://deno.land/x/valibot@v0.5.0/src/validations/length/index.ts": "807ae680bfa79db291e59b52daf8bc7cf5a86a73dc79800f57868258188b5868",
    "https://deno.land/x/valibot@v0.5.0/src/validations/length/length.ts": "674d05b7bb38c9e4860797d850fc1eb9392ef17b7a06e559e475e54a0501a189",
    "https://deno.land/x/valibot@v0.5.0/src/validations/maxBytes/index.ts": "820623df62598cc942c363a297a51e211dcd24dffe1ac9a6674a5e92cc367bab",
    "https://deno.land/x/valibot@v0.5.0/src/validations/maxBytes/maxBytes.ts": "da251f1a7689d5709673134d971a5c8743d3ff5508a9237c2f618024e246e228",
    "https://deno.land/x/valibot@v0.5.0/src/validations/maxLength/index.ts": "7a37fbd0adf3004b728eac5b034a3a750ed1d3297be653ae3da17b71abf2227b",
    "https://deno.land/x/valibot@v0.5.0/src/validations/maxLength/maxLength.ts": "5941fa79a8276cdd03e767a3d59ad6aae0560fb698fabc15e881d27fa006b216",
    "https://deno.land/x/valibot@v0.5.0/src/validations/maxSize/index.ts": "c90d5fea12ad302bd837d8c9dad6e0d0100551097f4c69cddbd5f81af84b46cc",
    "https://deno.land/x/valibot@v0.5.0/src/validations/maxSize/maxSize.ts": "41043c6351c564fdeca7220fb58cb2f85728adde3e7790b12494a69349d0e162",
    "https://deno.land/x/valibot@v0.5.0/src/validations/maxValue/index.ts": "5fb5c3f5086a43bb479dd6a3ce20ed58d9bc9c4f0afc8b2c40e572ef3023d0fb",
    "https://deno.land/x/valibot@v0.5.0/src/validations/maxValue/maxValue.ts": "7453ec96c3835c5b1d96900f778bc41ceb1c5bb81bc1b026a48f17aef5f774ac",
    "https://deno.land/x/valibot@v0.5.0/src/validations/mimeType/index.ts": "50600be4af750f5fbbd2c5fbba95e3228507404fac09c334355126bdb2fc8c35",
    "https://deno.land/x/valibot@v0.5.0/src/validations/mimeType/mimeType.ts": "74344636e1d0ecd917fd3b8312027482d3edfe30121fa7d364d0d0cc18c798eb",
    "https://deno.land/x/valibot@v0.5.0/src/validations/minBytes/index.ts": "b32473a1b4c849fb3b7ab44c5081c63791209b51a8cea3a10c05b84362e7f74c",
    "https://deno.land/x/valibot@v0.5.0/src/validations/minBytes/minBytes.ts": "bf3735dbb513afc893b888fc69bb656797b33331e9a594d8ebea2bbf5a0bbbae",
    "https://deno.land/x/valibot@v0.5.0/src/validations/minLength/index.ts": "0520d71de0e292600977a600ef4c72ed2655f798de6d99b9ae32ab011c8bf659",
    "https://deno.land/x/valibot@v0.5.0/src/validations/minLength/minLength.ts": "8900fc406c9dce5a7c361d16f92aba26e86832ce8eba8ed721e8c644adfc7916",
    "https://deno.land/x/valibot@v0.5.0/src/validations/minSize/index.ts": "aef9028cee8baf9f7a3d4adcedc9273fc515bdfd39ce242df0b95bfe0bd51428",
    "https://deno.land/x/valibot@v0.5.0/src/validations/minSize/minSize.ts": "b14361f994403740bb08f7d5ec807cddda6f8adc417c873d575f73386bf0f2ca",
    "https://deno.land/x/valibot@v0.5.0/src/validations/minValue/index.ts": "1a598ee4ec9cafbef8e029b5d47344d56b1789cdb5ce6006a72314483dd23a3e",
    "https://deno.land/x/valibot@v0.5.0/src/validations/minValue/minValue.ts": "b8cf7dedde775b0637fba4390f10f2541340d9a37a8327f9dc6ef22f3c49d701",
    "https://deno.land/x/valibot@v0.5.0/src/validations/regex/index.ts": "f99f0575476f13fc93ea05b50783763f1f659f049146b41623778a9f6aab0d75",
    "https://deno.land/x/valibot@v0.5.0/src/validations/regex/regex.ts": "770ed68c7ad1a30eb42daa2386515fb0e6c97c67920144766756a98eb408dfe0",
    "https://deno.land/x/valibot@v0.5.0/src/validations/size/index.ts": "2799b930f333714abe3fe60ec486d585b93254a4b9934bee16adde312d84abba",
    "https://deno.land/x/valibot@v0.5.0/src/validations/size/size.ts": "2a4b01a7f43c89ba2363a8b321e404b53a53dffd8f94cf72d930b80aa28cfe84",
    "https://deno.land/x/valibot@v0.5.0/src/validations/startsWith/index.ts": "4c87f2127d975bb46fdb1a5fb440b719d6e6221564bb05ef0c69ce068fbcda03",
    "https://deno.land/x/valibot@v0.5.0/src/validations/startsWith/startsWith.ts": "98ffac4d5162eb642c94c619b4838f817fe0dafe0dbe4dfb020473a54f3143cc",
    "https://deno.land/x/valibot@v0.5.0/src/validations/url/index.ts": "ba4c867ff9030409269cb6902d652e42cb5494b9eec9eaf74f826491cf4ba4cc",
    "https://deno.land/x/valibot@v0.5.0/src/validations/url/url.ts": "b539576164ba7220a97ef4897f8d1ca1100827db500ccdae6573c52c88b8ff63",
    "https://deno.land/x/valibot@v0.5.0/src/validations/uuid/index.ts": "9be5093a4927ec982d32c7806a8ebb4d9080ea5023140cae851969eec4339bb5",
    "https://deno.land/x/valibot@v0.5.0/src/validations/uuid/uuid.ts": "997112e6310ba975d36f827182bc67eef2fe03b6b3555611da8332de98bab00b",
    "https://deno.land/x/valibot@v0.5.0/src/validations/value/index.ts": "5d0815e3877c5e4548b222597d37fd277f46044193039c7a42539af34e655914",
    "https://deno.land/x/valibot@v0.5.0/src/validations/value/value.ts": "d0284586d858e7c5323e2667bf060c1ce9b0ca8130cf2ae237578ad4949525fc",
    "https://esm.sh/dayjs@1.11.9": "a4477e8ff771f89c9bae2e92b3a258b71fb0ec9c682c691790c6819d1edf1404",
    "https://esm.sh/nanoid@4.0.2": "e4e8fa975e71b9d73a6c67a1df180275206dd7eaa3877c1526a378c6559882df",
    "https://esm.sh/v129/dayjs@1.11.9/denonext/dayjs.mjs": "529d518d3b2842f5595b239e999578aaf6fb7732d1424290c37768c8947e89b6",
    "https://esm.sh/v129/dayjs@1.11.9/index.d.ts": "ccff6a039925da0bbddce77e8fe06865bb4bc144f8ca2f729b4390015044183b",
    "https://esm.sh/v129/dayjs@1.11.9/locale/index.d.ts": "5cced70c0fed65c05e3014791c5219169b4a1161759fcc48fc9dbaae5e246d3f",
    "https://esm.sh/v129/dayjs@1.11.9/locale/types.d.ts": "73a0ee6395819b063df4b148211985f2e1442945c1a057204cf4cf6281760dc3",
    "https://esm.sh/v129/nanoid@4.0.2/denonext/nanoid.mjs": "b7a9ee0e56b1fd52dbfcff75b85571162317231ced5df882636df58e04c362eb",
    "https://esm.sh/v129/nanoid@4.0.2/index.d.ts": "a45ee7555d019a67fbe092898d1aef0b1d02a9f6679ab84461ff515b4460d706"
  }
}
