{
  "version": "2",
  "remote": {
    "https://deno.land/std@0.196.0/_util/diff.ts": "1a3c044aedf77647d6cac86b798c6417603361b66b54c53331b312caeb447aea",
    "https://deno.land/std@0.196.0/assert/_constants.ts": "8a9da298c26750b28b326b297316cdde860bc237533b07e1337c021379e6b2a9",
    "https://deno.land/std@0.196.0/assert/_format.ts": "a69126e8a469009adf4cf2a50af889aca364c349797e63174884a52ff75cf4c7",
    "https://deno.land/std@0.196.0/assert/assert.ts": "9a97dad6d98c238938e7540736b826440ad8c1c1e54430ca4c4e623e585607ee",
    "https://deno.land/std@0.196.0/assert/assert_equals.ts": "a0ee60574e437bcab2dcb79af9d48dc88845f8fd559468d9c21b15fd638ef943",
    "https://deno.land/std@0.196.0/assert/assertion_error.ts": "4d0bde9b374dfbcbe8ac23f54f567b77024fb67dbb1906a852d67fe050d42f56",
    "https://deno.land/std@0.196.0/assert/equal.ts": "9f1a46d5993966d2596c44e5858eec821859b45f783a5ee2f7a695dfc12d8ece",
    "https://deno.land/std@0.196.0/async/abortable.ts": "fd682fa46f3b7b16b4606a5ab52a7ce309434b76f820d3221bdfb862719a15d7",
    "https://deno.land/std@0.196.0/async/deadline.ts": "58f72a3cc0fcb731b2cc055ba046f4b5be3349ff6bf98f2e793c3b969354aab2",
    "https://deno.land/std@0.196.0/async/debounce.ts": "adab11d04ca38d699444ac8a9d9856b4155e8dda2afd07ce78276c01ea5a4332",
    "https://deno.land/std@0.196.0/async/deferred.ts": "42790112f36a75a57db4a96d33974a936deb7b04d25c6084a9fa8a49f135def8",
    "https://deno.land/std@0.196.0/async/delay.ts": "a6142eb44cdd856b645086af2b811b1fcce08ec06bb7d50969e6a872ee9b8659",
    "https://deno.land/std@0.196.0/async/mod.ts": "f04344fa21738e5ad6bea37a6bfffd57c617c2d372bb9f9dcfd118a1b622e576",
    "https://deno.land/std@0.196.0/async/mux_async_iterator.ts": "70c7f2ee4e9466161350473ad61cac0b9f115cff4c552eaa7ef9d50c4cbb4cc9",
    "https://deno.land/std@0.196.0/async/pool.ts": "f1b8d3df4d7fd3c73f8cbc91cc2e8b8e950910f1eab94230b443944d7584c657",
    "https://deno.land/std@0.196.0/async/retry.ts": "296fb9c323e1325a69bee14ba947e7da7409a8dd9dd646d70cb51ea0d301f24e",
    "https://deno.land/std@0.196.0/async/tee.ts": "47e42d35f622650b02234d43803d0383a89eb4387e1b83b5a40106d18ae36757",
    "https://deno.land/std@0.196.0/fmt/colors.ts": "a7eecffdf3d1d54db890723b303847b6e0a1ab4b528ba6958b8f2e754cf1b3bc",
    "https://deno.land/std@0.196.0/http/server.ts": "3cd5a8acc31d3259813ddcfa7dd2fe066952db6763fc7a58b9a026d4b5af9559",
    "https://deno.land/x/hono@v3.3.3/adapter/deno/serve-static.ts": "3ff72406ed66d800459c6a930c6a19b6d37019afe233cb65b43bb944b17147a3",
    "https://deno.land/x/hono@v3.3.3/client/client.ts": "7a819af2aa9aabc746add4d01715fa37f83676fdf1b63fba1bbcd655b2d066a5",
    "https://deno.land/x/hono@v3.3.3/client/index.ts": "3ff4cf246f3543f827a85a2c84d66a025ac350ee927613629bda47e854bfb7ba",
    "https://deno.land/x/hono@v3.3.3/client/types.ts": "256a282e327fc46578de12097f22f6c295343a90c5670ae377b7967cf1622c66",
    "https://deno.land/x/hono@v3.3.3/client/utils.ts": "053273c002963b549d38268a1b423ac8ca211a8028bdab1ed0b781a62aa5e661",
    "https://deno.land/x/hono@v3.3.3/compose.ts": "e55ed7be2134f363ff3c8e8e2f520ff682c6a11a47d7189100ed69704ce10b9e",
    "https://deno.land/x/hono@v3.3.3/context.ts": "a9d2dba3528df1a804d78630f867a8aaee2ebc8b498c5c781eeb057539dedb20",
    "https://deno.land/x/hono@v3.3.3/hono-base.ts": "5d01ed8a5ccddb769b5c7a03ba52b9f4c5614e064e67b20e56ff5b10e753bb75",
    "https://deno.land/x/hono@v3.3.3/hono.ts": "c185fae30dc3aa9966b0f3e8599f81314ba5e8621b907d27cffb77414a1c0908",
    "https://deno.land/x/hono@v3.3.3/http-exception.ts": "6071df078b5f76d279684d52fe82a590f447a64ffe1b75eb5064d0c8a8d2d676",
    "https://deno.land/x/hono@v3.3.3/middleware.ts": "45f7b75d3e589dcae6952cd5b4fa460c3c1a7cf8155fdae74e69bac4e5615f25",
    "https://deno.land/x/hono@v3.3.3/middleware/basic-auth/index.ts": "5505288ccf9364f56f7be2dfac841543b72e20656e54ac646a1a73a0aa853261",
    "https://deno.land/x/hono@v3.3.3/middleware/bearer-auth/index.ts": "11d4ead9b57f5bcb2b6b4bf27076871f15da0e1e8828b2b79d90c15423357b47",
    "https://deno.land/x/hono@v3.3.3/middleware/cache/index.ts": "9e5d31d33206bb5dba46dde16ed606dd2cb361d75c26b02e02c72bd1fb6fe53e",
    "https://deno.land/x/hono@v3.3.3/middleware/compress/index.ts": "0b8ddbd70688361d5ef4e9418afa28affe2500a7f41a231a87873dad26ef5548",
    "https://deno.land/x/hono@v3.3.3/middleware/cookie/index.ts": "36d767c74a26cbb4dca581a0817e72cb698cd218d3f58176f38c04d421770940",
    "https://deno.land/x/hono@v3.3.3/middleware/cors/index.ts": "c227e20bdd6481120e39a222e8dcec24ab129714748f68f3ddc859ef6855fe0f",
    "https://deno.land/x/hono@v3.3.3/middleware/etag/index.ts": "cef6d5e7a11aa692f6c519419edc0fb2aa66bccca9908e0bb307a15f38afb6b7",
    "https://deno.land/x/hono@v3.3.3/middleware/html/index.ts": "a5028d8170dcc030d003749e743213e6532ff65798b741b81220207abc9af82d",
    "https://deno.land/x/hono@v3.3.3/middleware/jsx/index.ts": "b86d2b1f333ccb3a6ffc3c77928ef8734cdfce90f10b26b01682dfd4fe192b5e",
    "https://deno.land/x/hono@v3.3.3/middleware/jwt/index.ts": "6a8fa9ca42e49756dd1b8db6f0abe5b6684681ece8fc7f65a4892f7a82000236",
    "https://deno.land/x/hono@v3.3.3/middleware/logger/index.ts": "c139f372f482baeffbad68b14bef990e011fe8df578dcee71fb612ffad7fe748",
    "https://deno.land/x/hono@v3.3.3/middleware/powered-by/index.ts": "c36b7a3d1322c6a37f3d1510f7ff04a85aa6cacfac2173e5f1913eb16c3cc869",
    "https://deno.land/x/hono@v3.3.3/middleware/pretty-json/index.ts": "f4a4b2fa2ecb73e23da6f0ef716fe7d6a7f05c69f64dc7f89fc68cbcb204a87f",
    "https://deno.land/x/hono@v3.3.3/middleware/timing/index.ts": "d6976a07d9d51a7b26dae1311fe51d0744f7d234498bac3fe024ec7088c0ca47",
    "https://deno.land/x/hono@v3.3.3/mod.ts": "be5c09896830494225a12488e3e086b331b9c8829f66cc529cb8636a0c15f6fe",
    "https://deno.land/x/hono@v3.3.3/request.ts": "abbfbd63516c7ee60445b85a5ae8d45a8c9b4dc1a536af5cf84ff73b742ebda4",
    "https://deno.land/x/hono@v3.3.3/router.ts": "d03e2a9e862c898e8555b451ba80c65b1f39d487230815229e1f046dbd8546cb",
    "https://deno.land/x/hono@v3.3.3/router/linear-router/index.ts": "8a2a7144c50b1f4a92d9ee99c2c396716af144c868e10608255f969695efccd0",
    "https://deno.land/x/hono@v3.3.3/router/linear-router/router.ts": "90d4afc052b72f53dafbcf97fd32f24299b985f8a35dbdc70b28048201b3dcbc",
    "https://deno.land/x/hono@v3.3.3/router/pattern-router/index.ts": "304a66c50e243872037ed41c7dd79ed0c89d815e17e172e7ad7cdc4bc07d3383",
    "https://deno.land/x/hono@v3.3.3/router/pattern-router/router.ts": "8107b92cb713ba3727639c76fab44fd26883d5f2fa7dd39242150a0f269d4835",
    "https://deno.land/x/hono@v3.3.3/router/reg-exp-router/index.ts": "52755829213941756159b7a963097bafde5cc4fc22b13b1c7c9184dc0512d1db",
    "https://deno.land/x/hono@v3.3.3/router/reg-exp-router/node.ts": "8006b5bccb83d9fc98e0562a5545f6dd0be639ce445b089a6171c9c617aa8693",
    "https://deno.land/x/hono@v3.3.3/router/reg-exp-router/router.ts": "aeddd88e16a7ec3cf088a13ee952cfcb3319f97559767253e1a600f72fc70f27",
    "https://deno.land/x/hono@v3.3.3/router/reg-exp-router/trie.ts": "567493b301c44174f0895aedb8d055bbecf88f8a25626fa8ca61333bbd0c882c",
    "https://deno.land/x/hono@v3.3.3/router/smart-router/index.ts": "74f9b4fe15ea535900f2b9b048581915f12fe94e531dd2b0032f5610e61c3bef",
    "https://deno.land/x/hono@v3.3.3/router/smart-router/router.ts": "38209165dadea4182b42807a0a6c84a9258532a07ebf87262dc2b5b09d25a2a2",
    "https://deno.land/x/hono@v3.3.3/router/trie-router/index.ts": "3eb75e7f71ba81801631b30de6b1f5cefb2c7239c03797e2b2cbab5085911b41",
    "https://deno.land/x/hono@v3.3.3/router/trie-router/node.ts": "a52111dea7436d6817ffca04018eb65e552e9d7b15fba11b367016334dcb1b0f",
    "https://deno.land/x/hono@v3.3.3/router/trie-router/router.ts": "ad0b3fdabc33abd11a9f5819734aec743602a743cfc9f90ddad73787cd5e7727",
    "https://deno.land/x/hono@v3.3.3/types.ts": "d9733cf808ae9828fb12b62ff4decc23992da8f2050294a16e4af6d90db302f3",
    "https://deno.land/x/hono@v3.3.3/utils/body.ts": "67627aaac6ea8d3d2f2ffcb0aabccfe0c854ee11eaecd36dfcc2f012005337f7",
    "https://deno.land/x/hono@v3.3.3/utils/buffer.ts": "d28ab08d2571e890ec2ad7ce4c0318a503094f8403eac3d5eb18a8e5c23b29b2",
    "https://deno.land/x/hono@v3.3.3/utils/cookie.ts": "ff2f948c27fb8867fc990b1b6b182dfbe4c263c60a94cd33aefa77af5cdb1655",
    "https://deno.land/x/hono@v3.3.3/utils/crypto.ts": "bda0e141bbe46d3a4a20f8fbcb6380d473b617123d9fdfa93e4499410b537acc",
    "https://deno.land/x/hono@v3.3.3/utils/encode.ts": "3b7c7d736123b5073542b34321700d4dbf5ff129c138f434bb2144a4d425ee89",
    "https://deno.land/x/hono@v3.3.3/utils/filepath.ts": "5f708bb6a2f0b8e83a3333868ac86abdfba15e52b46acb5e13018fa2138f0826",
    "https://deno.land/x/hono@v3.3.3/utils/html.ts": "636c4a04eaea1c52c14a37cd28d83cba66b293d1e31420a4475e951268901ae4",
    "https://deno.land/x/hono@v3.3.3/utils/http-status.ts": "e0c4343ea7717c314dc600131e16b636c29d61cfdaf9df93b267258d1729d1a0",
    "https://deno.land/x/hono@v3.3.3/utils/jwt/index.ts": "5e4b82a42eb3603351dfce726cd781ca41cb57437395409d227131aec348d2d5",
    "https://deno.land/x/hono@v3.3.3/utils/jwt/jwt.ts": "e822e0c183cdc77709ccfba7b527f624f695c149425a00602d314165a87ee1bf",
    "https://deno.land/x/hono@v3.3.3/utils/jwt/types.ts": "16d7fa878a875eddd0049f0aa0192075058f19d51816a5d484d9b80e4d27abea",
    "https://deno.land/x/hono@v3.3.3/utils/mime.ts": "e17bdbac85b97c3d223c48874c2abe867e0720461e9f7e0c340141c080b9c6d6",
    "https://deno.land/x/hono@v3.3.3/utils/types.ts": "634ee00ae271302b2decf73edb91d843feb9fc7bfd43ea643d1b14861914577d",
    "https://deno.land/x/hono@v3.3.3/utils/url.ts": "ad1c84749c1d8fc9b069a074003855b52c04bd56b64ac731a0abc276dfe90dcc",
    "https://deno.land/x/hono@v3.3.3/validator/index.ts": "6c986e8b91dcf857ecc8164a506ae8eea8665792a4ff7215471df669c632ae7c",
    "https://deno.land/x/hono@v3.3.3/validator/validator.ts": "e52183ddf8cefc3cfe2788802fe6ce766df8ac904df485107b01cbcca167dbad",
    "https://esm.sh/dayjs@1.11.9": "a4477e8ff771f89c9bae2e92b3a258b71fb0ec9c682c691790c6819d1edf1404",
    "https://esm.sh/nanoid@4.0.2": "e4e8fa975e71b9d73a6c67a1df180275206dd7eaa3877c1526a378c6559882df",
    "https://esm.sh/v129/dayjs@1.11.9/denonext/dayjs.mjs": "529d518d3b2842f5595b239e999578aaf6fb7732d1424290c37768c8947e89b6",
    "https://esm.sh/v129/dayjs@1.11.9/index.d.ts": "ccff6a039925da0bbddce77e8fe06865bb4bc144f8ca2f729b4390015044183b",
    "https://esm.sh/v129/dayjs@1.11.9/locale/index.d.ts": "5cced70c0fed65c05e3014791c5219169b4a1161759fcc48fc9dbaae5e246d3f",
    "https://esm.sh/v129/dayjs@1.11.9/locale/types.d.ts": "73a0ee6395819b063df4b148211985f2e1442945c1a057204cf4cf6281760dc3",
    "https://esm.sh/v129/nanoid@4.0.2/denonext/nanoid.mjs": "b7a9ee0e56b1fd52dbfcff75b85571162317231ced5df882636df58e04c362eb",
    "https://esm.sh/v129/nanoid@4.0.2/index.d.ts": "a45ee7555d019a67fbe092898d1aef0b1d02a9f6679ab84461ff515b4460d706",
    "https://esm.sh/v129/valibot@0.2.1/denonext/valibot.mjs": "593f0cf6975434835eb3171141c3a5e676f888d332613d5ef906c33d2b7835d5",
    "https://esm.sh/v129/valibot@0.2.1/dist/types/error/ValiError/ValiError.d.ts": "8b9dd91f56027189ba6e8bc7f5215524d8562b2b49d29f229741f26ef415679c",
    "https://esm.sh/v129/valibot@0.2.1/dist/types/error/ValiError/index.d.ts": "a38f0c528a0ec4b9a9f5183f8daa35415b2f682217be3cd24d9961d1c909b4d3",
    "https://esm.sh/v129/valibot@0.2.1/dist/types/error/flatten/flatten.d.ts": "62816c0d08c2296f6509fafe89f6611b06a4b64e5a22fef7647cd260f785669c",
    "https://esm.sh/v129/valibot@0.2.1/dist/types/error/flatten/index.d.ts": "616e71f6cf2489a3d260986ea846b1e972d52ef27437a1e998ecb092dcb0522d",
    "https://esm.sh/v129/valibot@0.2.1/dist/types/error/index.d.ts": "e1bdb5c85e67344a97ad014d75bdf0b98a22604d10ad3a05ea4bf72b9b60656b",
    "https://esm.sh/v129/valibot@0.2.1/dist/types/index.d.ts": "6f93aea83fe305dd16bca84ab8a6a0a6964f64bea206612bfdbd159e6b2f7dae",
    "https://esm.sh/v129/valibot@0.2.1/dist/types/methods/coerce/coerce.d.ts": "4a952717ead17c10fdbb8c11d1f3fda993f98eb6e478c8e8ba74ce731751325b",
    "https://esm.sh/v129/valibot@0.2.1/dist/types/methods/coerce/coerceAsync.d.ts": "093ddc2fddcdd7c95752e9833ae508422f77e6dd4e91cdb6f19a3c88da28e568",
    "https://esm.sh/v129/valibot@0.2.1/dist/types/methods/coerce/index.d.ts": "6b69f145ebb2621c9e8d7741a671b9f37c02cb7e3461241fc6751b3923c4866b",
    "https://esm.sh/v129/valibot@0.2.1/dist/types/methods/index.d.ts": "3f051abb2266db14a215ccda6a6de72b42c416ff15e9d5897bb5247b40077122",
    "https://esm.sh/v129/valibot@0.2.1/dist/types/methods/keyof/index.d.ts": "c5dd5357df5e58cc70c79678a79ba017cdfff4c460babdf15137564fd1e87dc4",
    "https://esm.sh/v129/valibot@0.2.1/dist/types/methods/keyof/keyof.d.ts": "1a1265e6eb79a2cda4a44ed1aa7e9c7dd98cfebaed4c569878a5d8950c382d13",
    "https://esm.sh/v129/valibot@0.2.1/dist/types/methods/merge/index.d.ts": "853d4c64b5141285a00ce73c67700ec7659f8313392fc7a073604e85dc332272",
    "https://esm.sh/v129/valibot@0.2.1/dist/types/methods/merge/merge.d.ts": "52a1c8784db511d8e0fb54e32791244ef2c4d2b884515b4fa114a58403c29701",
    "https://esm.sh/v129/valibot@0.2.1/dist/types/methods/merge/mergeAsync.d.ts": "c5639f05c6466ef08d647b5968515036cda5de115b84faa581ffa55f4ff442db",
    "https://esm.sh/v129/valibot@0.2.1/dist/types/methods/merge/types.d.ts": "d6974934d648cdbe083f7cc55b424b31366b5418a7f853f39723020eeb1bf3f3",
    "https://esm.sh/v129/valibot@0.2.1/dist/types/methods/omit/index.d.ts": "9aa1e8c4d1f101979296dcb194e85c03021803710fc5367ca4e0de9d2edbf4f3",
    "https://esm.sh/v129/valibot@0.2.1/dist/types/methods/omit/omit.d.ts": "907d310fc15e57dcb89c34520808ec33abb819d7b2e08b5365255bb4fe0f32d2",
    "https://esm.sh/v129/valibot@0.2.1/dist/types/methods/omit/omitAsync.d.ts": "fc19fead1867a1e00a502dd704b641f16415a212d74c24d6ca68bc26d582c70a",
    "https://esm.sh/v129/valibot@0.2.1/dist/types/methods/omit/types.d.ts": "f579cab6dd7a197bca624639ee64714f527f71eea9446a4cd5eb1a5f9ce7e08d",
    "https://esm.sh/v129/valibot@0.2.1/dist/types/methods/parse/index.d.ts": "c5f053abb5b887895e5533111ee8bda80831c8144d379fb1980e1c0c66a37de8",
    "https://esm.sh/v129/valibot@0.2.1/dist/types/methods/parse/parse.d.ts": "5717afe362ed79bfa19f4a2189d767436eb8c562ba793b3203ae4f822b0b0808",
    "https://esm.sh/v129/valibot@0.2.1/dist/types/methods/parse/parseAsync.d.ts": "cb213fc789a491039b664ee03d2c96e093526c631222a7311c10bdfc8f0190c5",
    "https://esm.sh/v129/valibot@0.2.1/dist/types/methods/partial/index.d.ts": "23c8ca94f4fb7c100d917f72a495a457ed50c9d004ee9e0fc43432e0b5c5eb3d",
    "https://esm.sh/v129/valibot@0.2.1/dist/types/methods/partial/partial.d.ts": "ad1975b8ba474e6eebb04bba1303285142b3d905300d29c909db349d80f74722",
    "https://esm.sh/v129/valibot@0.2.1/dist/types/methods/partial/partialAsync.d.ts": "d9bbd6be342c9fdadf0922d0ab1f465fd5eaeccf986552bfa3219caa6978b743",
    "https://esm.sh/v129/valibot@0.2.1/dist/types/methods/pick/index.d.ts": "5004a271742df2b1e5ddf9b14a897f44145c3dbd74fe8d9654dd4b8195f771cc",
    "https://esm.sh/v129/valibot@0.2.1/dist/types/methods/pick/pick.d.ts": "f38d80a6ba6b9f48ab4e060112f8cd1d68ffd102b365bbf5b409455ffa3784aa",
    "https://esm.sh/v129/valibot@0.2.1/dist/types/methods/pick/pickAsync.d.ts": "13c74eea48f1604bf7cfd20221deac7b3c7a9939c454e37370db4fafd45139fc",
    "https://esm.sh/v129/valibot@0.2.1/dist/types/methods/required/index.d.ts": "ae3c1cdd7b8a344c7cec0b9091d0ce029d671a6266ad724257cae804469b5120",
    "https://esm.sh/v129/valibot@0.2.1/dist/types/methods/required/required.d.ts": "1ba9533d0c1c55e937b8d40c9957155dfeb0d4ed9f2bbb80317ef9cf2ab68dca",
    "https://esm.sh/v129/valibot@0.2.1/dist/types/methods/required/requiredAsync.d.ts": "3884eb92b0bea5cd593183e0c76612bd4c768c55d295fe8610c191627cf22900",
    "https://esm.sh/v129/valibot@0.2.1/dist/types/methods/safeParse/index.d.ts": "9ab41bfa2108728fbe0faab3b16cf62cfbd187336ad7faafc886e5ab9abdc7a2",
    "https://esm.sh/v129/valibot@0.2.1/dist/types/methods/safeParse/safeParse.d.ts": "09c66bf8be97be5fab807f6f1954f70356c3502a60cc7a6c6228bee915df979d",
    "https://esm.sh/v129/valibot@0.2.1/dist/types/methods/safeParse/safeParseAsync.d.ts": "30c0dfc398ab953e2ee58a6d5aefaed2fff5de434bb240056031e56bd6443c29",
    "https://esm.sh/v129/valibot@0.2.1/dist/types/methods/transform/index.d.ts": "2a3eba14e8dd6f84d7e3c47db9e8f2b1d18e7f0c2b6f0ac905c6db4d2de3ad79",
    "https://esm.sh/v129/valibot@0.2.1/dist/types/methods/transform/transform.d.ts": "f8c5eff6e68706837ec2d553cf232e55c24f5a58d7bf588b8f5a34a8ae9518f5",
    "https://esm.sh/v129/valibot@0.2.1/dist/types/methods/transform/transformAsync.d.ts": "c4da6f66a1c8b8cd69fb03933314901d2711d61c4155fe00e341bb8146a82348",
    "https://esm.sh/v129/valibot@0.2.1/dist/types/methods/unwrap/index.d.ts": "ce660791fc87e5fd68bedf917da8ccf7f9a6359bc891da92b493b718d6c4d4ff",
    "https://esm.sh/v129/valibot@0.2.1/dist/types/methods/unwrap/unwrap.d.ts": "11fabd518aa6682d7892b20d3e83dec9bda8831c883ed7f3c82b6fa6f5c3bfdb",
    "https://esm.sh/v129/valibot@0.2.1/dist/types/methods/useDefault/index.d.ts": "c9abcfd50b0fa74325d1d3a09c5d0d4ce687b7766761978ec6664bc7a9c15f12",
    "https://esm.sh/v129/valibot@0.2.1/dist/types/methods/useDefault/useDefault.d.ts": "e11dfdd9f7ab4b3cca9771f9a92fcc51f1adcd95b8ce98ebc854bd8486951c17",
    "https://esm.sh/v129/valibot@0.2.1/dist/types/schemas/any/any.d.ts": "6f13e02b22ddac1b54a15080cd4b7b383af41c46c43c246ff6f373ed437736a0",
    "https://esm.sh/v129/valibot@0.2.1/dist/types/schemas/any/anyAsync.d.ts": "87e3f8deaddc10d7dbe5ca7a32d54fc911051bcd24e5bcbd133d83f44394eac5",
    "https://esm.sh/v129/valibot@0.2.1/dist/types/schemas/any/index.d.ts": "0378542af4fb445c99ec4aa35c859867a483b7c5e2cadbbe8b3cbd96b4f6dc96",
    "https://esm.sh/v129/valibot@0.2.1/dist/types/schemas/array/array.d.ts": "ccaee9c156c35b773c4356d60ad4dffdc3b99c6b72e2f6f3d41bc25bcba68f6c",
    "https://esm.sh/v129/valibot@0.2.1/dist/types/schemas/array/arrayAsync.d.ts": "06a26ef5a98cde245f1f340d7651e785a446f34d99d490a43e0f239506344f07",
    "https://esm.sh/v129/valibot@0.2.1/dist/types/schemas/array/index.d.ts": "0d7ef0e24476be0679613c55e5e94d1a826a97f536e1c26daabf4dce423f36bf",
    "https://esm.sh/v129/valibot@0.2.1/dist/types/schemas/bigint/bigint.d.ts": "fe722ecd4f6864a8514ba6c1c8af8024d49d9e5cf504a7166f80b81a021f52d3",
    "https://esm.sh/v129/valibot@0.2.1/dist/types/schemas/bigint/bigintAsync.d.ts": "11b608f4831fc0d84c3e07cdbb47529a8add07a9f983c8f6d12093d620a3161b",
    "https://esm.sh/v129/valibot@0.2.1/dist/types/schemas/bigint/index.d.ts": "77f92883f29ac3e4805da5ab340ce8d7c8a5cbadeadfda135f8a7404670e5c5c",
    "https://esm.sh/v129/valibot@0.2.1/dist/types/schemas/blob/blob.d.ts": "0e9d1d41fb7da98e617fc87eb2749562efcd2ad37aa76f8d165e27b13b81733d",
    "https://esm.sh/v129/valibot@0.2.1/dist/types/schemas/blob/blobAsync.d.ts": "b9539154a483bbf00dcb806d50f1a51e7ed1a035cd3d9b3308bd2b6849959c55",
    "https://esm.sh/v129/valibot@0.2.1/dist/types/schemas/blob/index.d.ts": "a51ed8d427e4c5e44ccc1684b0c7df36b116995cbbccf2f1e401561e7b10a1ba",
    "https://esm.sh/v129/valibot@0.2.1/dist/types/schemas/boolean/boolean.d.ts": "0b4eab04859b2859ddb6142e6f45df9a34a0383865c959b467eb7e050580241e",
    "https://esm.sh/v129/valibot@0.2.1/dist/types/schemas/boolean/booleanAsync.d.ts": "41441dfdd103af5d0567f2b95bd89a6cb79d02a3358e762e4f611a9297a0b6ad",
    "https://esm.sh/v129/valibot@0.2.1/dist/types/schemas/boolean/index.d.ts": "13564ebbd94d5e679c770ec5bc9522b05b46e47a531201f79df69a1f6d4cfa98",
    "https://esm.sh/v129/valibot@0.2.1/dist/types/schemas/date/date.d.ts": "57a6b05253c88ff052aba0281a3044b65f3c217eef27d9afb1b88d735cb054f8",
    "https://esm.sh/v129/valibot@0.2.1/dist/types/schemas/date/dateAsync.d.ts": "feb8766cc822347dea210e99087ed44250661b49c4a03b301b836c57800fdfdc",
    "https://esm.sh/v129/valibot@0.2.1/dist/types/schemas/date/index.d.ts": "ed249a5bd586cf039b75a749cd1b97bc72f6e437414c41a9f4dd8978779c3c06",
    "https://esm.sh/v129/valibot@0.2.1/dist/types/schemas/enumType/enumType.d.ts": "3fdf3da73a580144bc31817c8fe4966e2dffd7772221d7cadf96d2deed114729",
    "https://esm.sh/v129/valibot@0.2.1/dist/types/schemas/enumType/enumTypeAsync.d.ts": "334e5083f661a94a5e6bd0606d6e77edcc90abf597d33a51f71c6e185f301d6d",
    "https://esm.sh/v129/valibot@0.2.1/dist/types/schemas/enumType/index.d.ts": "cbe5e8599d924249195c6ef4fa5bf98da3e22c44ba32403acf3701415614c60f",
    "https://esm.sh/v129/valibot@0.2.1/dist/types/schemas/index.d.ts": "04d7e7d99a9e3318c2ccc562839b379f8cf558b9615fdfd3d1625c513bb97a21",
    "https://esm.sh/v129/valibot@0.2.1/dist/types/schemas/literal/index.d.ts": "b6a15effbbb561d4ff01261e556bb06b46071b6a49a012efb21b082ebc81b6ba",
    "https://esm.sh/v129/valibot@0.2.1/dist/types/schemas/literal/literal.d.ts": "99b724423c46607da8f61351c81dd4c5370513caa14c3c606490062c28b24ed4",
    "https://esm.sh/v129/valibot@0.2.1/dist/types/schemas/literal/literalAsync.d.ts": "68bfbb2cbac4e486c798f66472696be69c24bdb74f26bb16a89f89dc2ab703ed",
    "https://esm.sh/v129/valibot@0.2.1/dist/types/schemas/map/index.d.ts": "cc80c04dd7267ca6702b0da418977e328f1a01f8f388bd943068a9d75d5cb2b1",
    "https://esm.sh/v129/valibot@0.2.1/dist/types/schemas/map/map.d.ts": "7f9944d24e215551170d91b79dd17ce3f05743d69c570f12c48c1e512d77ab5d",
    "https://esm.sh/v129/valibot@0.2.1/dist/types/schemas/map/mapAsync.d.ts": "60299ee364d72a1c0c68de551a16a34dfc367a0db52a32259347c0feeb37072b",
    "https://esm.sh/v129/valibot@0.2.1/dist/types/schemas/map/types.d.ts": "7d25aa0d222cc423810b596c544fdf738c28c3953e95a43a6e2b6619ebd3f281",
    "https://esm.sh/v129/valibot@0.2.1/dist/types/schemas/nan/index.d.ts": "8da957624fc25344f3f49308996dcec25f1010ca01e529ecf69ea1b6d1e4762e",
    "https://esm.sh/v129/valibot@0.2.1/dist/types/schemas/nan/nan.d.ts": "7bf25232346168e4a454d9331c4927dc018c9f207a35af3c1afd101fcec06f40",
    "https://esm.sh/v129/valibot@0.2.1/dist/types/schemas/nan/nanAsync.d.ts": "39d3af6ebc7aea8c448f106dd6e9e41712575ba500ced90b18606c13f8038d0d",
    "https://esm.sh/v129/valibot@0.2.1/dist/types/schemas/nativeEnum/index.d.ts": "6602d82793b2f83daf746ea030c757c91423eef4f5cd7d915110e98a23d499fe",
    "https://esm.sh/v129/valibot@0.2.1/dist/types/schemas/nativeEnum/nativeEnum.d.ts": "e8c1c6da2a01f21c308fd7ef9f676d3898458e711d1e769a5808e99184d44b84",
    "https://esm.sh/v129/valibot@0.2.1/dist/types/schemas/nativeEnum/nativeEnumAsync.d.ts": "e19a2060d27d1f8e1f52a39bc7db283a20bc5e3f3d744071d84480d8b7f0ad72",
    "https://esm.sh/v129/valibot@0.2.1/dist/types/schemas/never/index.d.ts": "f8594861fec39806b8e6345165ca2c2bdda441402809beb7367e09bf91560d72",
    "https://esm.sh/v129/valibot@0.2.1/dist/types/schemas/never/never.d.ts": "5f8b6312a72967ec219a330b98d94c29071eb5c83ed8df9d090f18eff4e485a3",
    "https://esm.sh/v129/valibot@0.2.1/dist/types/schemas/never/neverAsync.d.ts": "bcd604e9e7892db7c1dd0666e2d02d6636bf9abce140eb9b82c8b275661307af",
    "https://esm.sh/v129/valibot@0.2.1/dist/types/schemas/nonNullable/index.d.ts": "bba0d1da675c4d9170c473c8b9c44ba4f55a5e3f4e3c59e495dc99208422fc1a",
    "https://esm.sh/v129/valibot@0.2.1/dist/types/schemas/nonNullable/nonNullable.d.ts": "1d41aa4c6fea3098936d6b823832d49ba7f0d7ea1c163e3e7b06cf5784014112",
    "https://esm.sh/v129/valibot@0.2.1/dist/types/schemas/nonNullable/nonNullableAsync.d.ts": "67bb60a1019dbd741a89ae7836146b413de9e0e0caed3d544451c62579d238c7",
    "https://esm.sh/v129/valibot@0.2.1/dist/types/schemas/nonNullish/index.d.ts": "40218c82258551f2d56386eb1d54f4ef5b5396fa8025c293745dec00e19b231f",
    "https://esm.sh/v129/valibot@0.2.1/dist/types/schemas/nonNullish/nonNullish.d.ts": "3413de5e3f4c063203ed4786e8048a0aef32dbaac339295c39ce997c8aae7515",
    "https://esm.sh/v129/valibot@0.2.1/dist/types/schemas/nonNullish/nonNullishAsync.d.ts": "e142e5083866d0df7ec88e42ca762c2f288bafcceaff20c32ec8e82d63a701df",
    "https://esm.sh/v129/valibot@0.2.1/dist/types/schemas/nonOptional/index.d.ts": "6e68c32331d4e299a605c9311875cf6156543ebd9735790cfed08b1887b0e6b2",
    "https://esm.sh/v129/valibot@0.2.1/dist/types/schemas/nonOptional/nonOptional.d.ts": "16211cd2bea1574b46a9b9b57079e91ff0ad7d3966e0c9e3926f59cc5ee62d03",
    "https://esm.sh/v129/valibot@0.2.1/dist/types/schemas/nonOptional/nonOptionalAsync.d.ts": "c293e0165a5918f5f09ba17df5a5061056fe9e664fe6b03b6fcc93f565ac9fa3",
    "https://esm.sh/v129/valibot@0.2.1/dist/types/schemas/nullType/index.d.ts": "c4a15341bb06c020728a8dcc9a77f2247d999863e21acb75005ba7f16106b771",
    "https://esm.sh/v129/valibot@0.2.1/dist/types/schemas/nullType/nullType.d.ts": "f54477f5193f519ec7cc7ce7ecc5fb8b1a87cffb071675cd3cfba9711261f130",
    "https://esm.sh/v129/valibot@0.2.1/dist/types/schemas/nullType/nullTypeAsync.d.ts": "2a1bd00b1a22f55de2112ea1e05f2f290120afef97e66c3790c35be43f67a224",
    "https://esm.sh/v129/valibot@0.2.1/dist/types/schemas/nullable/index.d.ts": "4cdc261c9ea0b43b908386d31598248f80db32f6a43a2fc82ffa43f6240729d1",
    "https://esm.sh/v129/valibot@0.2.1/dist/types/schemas/nullable/nullable.d.ts": "2b999a6df7eb21b656b16c1184b7227a3c625226382e85a697a2b1ea5d62e18c",
    "https://esm.sh/v129/valibot@0.2.1/dist/types/schemas/nullable/nullableAsync.d.ts": "f9b325257534ac08d9eac34d873c532b15cdc4791823aebe51d4c7fcd26706d5",
    "https://esm.sh/v129/valibot@0.2.1/dist/types/schemas/nullish/index.d.ts": "cbbe8ff1e1b28ea970c374cba3acf8a6150f0ac1ecdb64dcca798c71e85a8bfd",
    "https://esm.sh/v129/valibot@0.2.1/dist/types/schemas/nullish/nullish.d.ts": "3d4c256a88a4c627e1da741c8497549e1497a793e4f080c4718455198da0ea4a",
    "https://esm.sh/v129/valibot@0.2.1/dist/types/schemas/nullish/nullishAsync.d.ts": "1d955abc11d527261597f3c69ab97e52ed8eb803d27ea84014eac1deebd4f5b0",
    "https://esm.sh/v129/valibot@0.2.1/dist/types/schemas/number/index.d.ts": "7cd772fbf12361b08996b50ebcea1aa32f746659b0a6e793bcb1800fcd79013d",
    "https://esm.sh/v129/valibot@0.2.1/dist/types/schemas/number/number.d.ts": "ad89a818a313644d0d22fbb319bd2e67abb20646cfbd0f9a893395a98b4512ef",
    "https://esm.sh/v129/valibot@0.2.1/dist/types/schemas/number/numberAsync.d.ts": "cfe20e8297a635deea8772d7cd99530094d819696a1a0bae5a8409e1467b631b",
    "https://esm.sh/v129/valibot@0.2.1/dist/types/schemas/object/index.d.ts": "31898507466958df3bdbe82128ef89a29fedc0c03c3ceb39484fab4e157eb76f",
    "https://esm.sh/v129/valibot@0.2.1/dist/types/schemas/object/object.d.ts": "8b1d5d1c3f12e8c184d79c1269497fe3411b1edaeade7ecbd687d4141d8fae39",
    "https://esm.sh/v129/valibot@0.2.1/dist/types/schemas/object/objectAsync.d.ts": "d2e20e43799650cd06044aa75b5d68603760c929e84974c048bfe7ffc89e40c7",
    "https://esm.sh/v129/valibot@0.2.1/dist/types/schemas/object/types.d.ts": "5ef22a4601fd65f5f7fd311b6e4a9c08b802a9dbd7236a6e33b81cf179a9af9d",
    "https://esm.sh/v129/valibot@0.2.1/dist/types/schemas/optional/index.d.ts": "de9f11e3235331375f23c71b6cf89e44c3c6ff67b7f54d2f41b8971c554c5a56",
    "https://esm.sh/v129/valibot@0.2.1/dist/types/schemas/optional/optional.d.ts": "1523f0816d2a3957b6b79fa7481a585411a27f15c7ff9c06ac24a3ca9a4c2986",
    "https://esm.sh/v129/valibot@0.2.1/dist/types/schemas/optional/optionalAsync.d.ts": "2b1d914004e24a01d10b6e01b1f8c6e845e419044caa3b80ae16fad6917dd10d",
    "https://esm.sh/v129/valibot@0.2.1/dist/types/schemas/record/index.d.ts": "024ce85571a8f809fa94fd40acda679567c37b87bc3995ee4a6613cc1c31bc73",
    "https://esm.sh/v129/valibot@0.2.1/dist/types/schemas/record/record.d.ts": "046c42155d84381684d8b7f1c8c8d98fdb4b1fa76e022704c9fb0714f9dcb845",
    "https://esm.sh/v129/valibot@0.2.1/dist/types/schemas/record/recordAsync.d.ts": "0f498e0e32885d0192293dd23e9721e992013fff9f46a0122ef1dd31e32d3d8e",
    "https://esm.sh/v129/valibot@0.2.1/dist/types/schemas/record/types.d.ts": "24b56b3f60f24c375b3170adfb874417867ba7143483f153bd81e2ab1f64c4ae",
    "https://esm.sh/v129/valibot@0.2.1/dist/types/schemas/recursive/index.d.ts": "cf5f57ae48b4d4b3cc72b4e5f4bc7f62ed76155cff32f7e378829ce70540d51f",
    "https://esm.sh/v129/valibot@0.2.1/dist/types/schemas/recursive/recursive.d.ts": "b234c3b99c2df9fc30972a41bb0ef1e07df90159005d2aa17f762f28cac23aba",
    "https://esm.sh/v129/valibot@0.2.1/dist/types/schemas/recursive/recursiveAsync.d.ts": "22459e5d3566d3a1c48a1b071b32072b08dc7bdb2e91a5373ca27411889208ff",
    "https://esm.sh/v129/valibot@0.2.1/dist/types/schemas/set/index.d.ts": "6aac65358b8d7faecf9f21acaeddf9625e603e77fb699613d61072d7c5a3215e",
    "https://esm.sh/v129/valibot@0.2.1/dist/types/schemas/set/set.d.ts": "25917fcda583b739e47905acfc84a3db929db129018e4f6d0c2108d5e50557a2",
    "https://esm.sh/v129/valibot@0.2.1/dist/types/schemas/set/setAsync.d.ts": "19bd2a5a08bc617c98d83847b3370e95c4152efe225e2e059ce9f72a55184e34",
    "https://esm.sh/v129/valibot@0.2.1/dist/types/schemas/set/types.d.ts": "2c53599b7d1a126a57d2c0345898b54420134f29765ca9b1d7ab80dc125d0ef8",
    "https://esm.sh/v129/valibot@0.2.1/dist/types/schemas/special/index.d.ts": "2403eb027366c99d6930331912d560e617ad53ffd7786eafdd8457e0b8994bd6",
    "https://esm.sh/v129/valibot@0.2.1/dist/types/schemas/special/special.d.ts": "97f38d591303a65e3b6c90a21a0912c3c6cca9a51f76211ce2d532d188e77d14",
    "https://esm.sh/v129/valibot@0.2.1/dist/types/schemas/special/specialAsync.d.ts": "b928523d2f5cced999e88253b6538042207010b93ddcaaa19ceac2a2c9ce9168",
    "https://esm.sh/v129/valibot@0.2.1/dist/types/schemas/string/index.d.ts": "4cba2cd9ff4d1a75876ac573bce8de2f4242828456446fb1bea4b5ed3a9498c5",
    "https://esm.sh/v129/valibot@0.2.1/dist/types/schemas/string/string.d.ts": "290486d0ab3e2041d0379bee4b33f64bcb42e05814ee978d7adddf6dafae6e63",
    "https://esm.sh/v129/valibot@0.2.1/dist/types/schemas/string/stringAsync.d.ts": "d64bab88347a8d6772011e66fd48338f81bc926fe59c044571dd413c162f9ea0",
    "https://esm.sh/v129/valibot@0.2.1/dist/types/schemas/symbol/index.d.ts": "3bf7cf51a2e9eb715be3840aae233c573b7bcbc7a15edb5e7d7c46a40bccfee1",
    "https://esm.sh/v129/valibot@0.2.1/dist/types/schemas/symbol/symbol.d.ts": "6bca1b0d3b1a567fbdd351a126a7e8c99e15026cbda39ca353d84fb891d46a2b",
    "https://esm.sh/v129/valibot@0.2.1/dist/types/schemas/symbol/symbolAsync.d.ts": "5a4340307f3e7ead19c857248523074b542a2cbf89678269c8ea5b39085c1006",
    "https://esm.sh/v129/valibot@0.2.1/dist/types/schemas/tuple/index.d.ts": "11c37fc1ae8113c1e2427f89d4aaa921a8d7aea9b6c52356b5c73b074213b9be",
    "https://esm.sh/v129/valibot@0.2.1/dist/types/schemas/tuple/tuple.d.ts": "8dbe3c8516a12ed1f8ec79cb44cc97bbebc9e425aa1eed5d5fb2ded30b0019a8",
    "https://esm.sh/v129/valibot@0.2.1/dist/types/schemas/tuple/tupleAsync.d.ts": "7d17ed65b464639d8c9575d0598939c0e8a527fbfef316bcc761b873ca6c1c17",
    "https://esm.sh/v129/valibot@0.2.1/dist/types/schemas/tuple/types.d.ts": "9fbd0db32c4f7e59c4e634d4a8f5abc0f768e5d81c90f2070499321612a53bec",
    "https://esm.sh/v129/valibot@0.2.1/dist/types/schemas/undefinedType/index.d.ts": "03893ea1240c07abd5fe5360446bbf2974f535a692fafdd3295e95d07fd54ac3",
    "https://esm.sh/v129/valibot@0.2.1/dist/types/schemas/undefinedType/undefinedType.d.ts": "03143cf34d5de9fbd99f6548bfa3e4e1aa77417c2c3b1478b38aa104e9eb5af7",
    "https://esm.sh/v129/valibot@0.2.1/dist/types/schemas/undefinedType/undefinedTypeAsync.d.ts": "9d3c4546d5b9d60cebe4b4cfe975866e643760b90834480d937dddf48c64cd06",
    "https://esm.sh/v129/valibot@0.2.1/dist/types/schemas/union/index.d.ts": "874727914079ed02d8cf006d4450aff7a38a5f89b112732e37049963a3ecedb1",
    "https://esm.sh/v129/valibot@0.2.1/dist/types/schemas/union/union.d.ts": "f94f804b4d79976a88d2231235f40a9f33e1bfd53987d2085999804f7420c223",
    "https://esm.sh/v129/valibot@0.2.1/dist/types/schemas/union/unionAsync.d.ts": "9961fc81dbd2f188fa89ccf1c801a0726431417b01d3dad0b380c7c20541cc9c",
    "https://esm.sh/v129/valibot@0.2.1/dist/types/schemas/unknown/index.d.ts": "116df5e9ff3852944ad78c69ebdc4d862e99011cb4907828f21ab64bfdebb55f",
    "https://esm.sh/v129/valibot@0.2.1/dist/types/schemas/unknown/unknown.d.ts": "3556cef393387c3b091d78b59ed05e6b6cb8561cf2873e9df81ce658bed73720",
    "https://esm.sh/v129/valibot@0.2.1/dist/types/schemas/unknown/unknownAsync.d.ts": "0ce1996881e95cebe0ae72e06deccf8560516fc187dcc95463b7d0c87e0d6dce",
    "https://esm.sh/v129/valibot@0.2.1/dist/types/schemas/voidType/index.d.ts": "f597fa82a3e906b0f8670f53bbf77ef7236dec85ecfe3e8ce867733f405b7a94",
    "https://esm.sh/v129/valibot@0.2.1/dist/types/schemas/voidType/voidType.d.ts": "13eb6131d0ce235a339d69661e685e51be0915eab04b3f7a48b882a23fec5bda",
    "https://esm.sh/v129/valibot@0.2.1/dist/types/schemas/voidType/voidTypeAsync.d.ts": "01a031f8afd0fa6507c5982b60c263b24d7aef5b82a2b55a4a9e4467d3f6d265",
    "https://esm.sh/v129/valibot@0.2.1/dist/types/transformations/index.d.ts": "0a620f39d1b7b000b5aabe91dce2592cff73085f6bb44b3f35df1fb50c425523",
    "https://esm.sh/v129/valibot@0.2.1/dist/types/transformations/toCustom/index.d.ts": "d51df296ce31b1eecc67259e0c0e0c8e0df164db7e9ad4050cd12d788557f199",
    "https://esm.sh/v129/valibot@0.2.1/dist/types/transformations/toCustom/toCustom.d.ts": "f8549e80156685cefbe9c1e08d825db7fce223aacf0629955d7f8634ccd206e4",
    "https://esm.sh/v129/valibot@0.2.1/dist/types/transformations/toCustom/toCustomAsync.d.ts": "8f49fa4897078048137ef1cf665a823e7832b3532e1dc8a1aa165549b086732e",
    "https://esm.sh/v129/valibot@0.2.1/dist/types/transformations/toLowerCase/index.d.ts": "adfa3e61e3c0580a34a462921092a7a8f29a78c014bed7718212b5853dee58a4",
    "https://esm.sh/v129/valibot@0.2.1/dist/types/transformations/toLowerCase/toLowerCase.d.ts": "4176777fccba6fecc33ea69e386f9fd36a243d6ceab008eb427326c7bc588aca",
    "https://esm.sh/v129/valibot@0.2.1/dist/types/transformations/toTrimmed/index.d.ts": "7e45adceab502e660408ef75a4c2f5431262f42f62b31b8b65184982f37c1537",
    "https://esm.sh/v129/valibot@0.2.1/dist/types/transformations/toTrimmed/toTrimmed.d.ts": "d6b2708e8e266d32097d6725024b05764d0de53b25aa1484cb9f1288f08dc69c",
    "https://esm.sh/v129/valibot@0.2.1/dist/types/transformations/toTrimmedEnd/index.d.ts": "2fed3d2368647f3c6718f44ba0f81161ac29db1ca6335299c3cfa4349f953b90",
    "https://esm.sh/v129/valibot@0.2.1/dist/types/transformations/toTrimmedEnd/toTrimmedEnd.d.ts": "050545724266e9c429d6387521f492def015f90f52300f24a4b34cd7a2c37efc",
    "https://esm.sh/v129/valibot@0.2.1/dist/types/transformations/toTrimmedStart/index.d.ts": "f99b8074b44ea116e4e386b55b647d57fde5e8e6d24edbf4c13cbc6d2cdca28d",
    "https://esm.sh/v129/valibot@0.2.1/dist/types/transformations/toTrimmedStart/toTrimmedStart.d.ts": "805371f4ad9391173fd890bedab9e9148330dd2c56b8a2de0a36fd60bf1a0285",
    "https://esm.sh/v129/valibot@0.2.1/dist/types/transformations/toUpperCase/index.d.ts": "9b96ca321bbbf2252388fe2543e20bfe978e517b1fbf95aed10e6f61b50e468c",
    "https://esm.sh/v129/valibot@0.2.1/dist/types/transformations/toUpperCase/toUpperCase.d.ts": "828a4443d93bec5405192e58cb743ceeb6f3b8be2217da80b1dd58cf8eaf65b4",
    "https://esm.sh/v129/valibot@0.2.1/dist/types/types.d.ts": "d329c81ccf7761281e3f657624a955dfd2826d63750af7f291ddfc7f09961069",
    "https://esm.sh/v129/valibot@0.2.1/dist/types/validations/custom/custom.d.ts": "396e477c234a2f3812fc976f149682976a718a0909dc1923c889274c51e0cef5",
    "https://esm.sh/v129/valibot@0.2.1/dist/types/validations/custom/customAsync.d.ts": "43353e2aed25982c894d83197931b06de3d70df73245b8573d1649464524d69c",
    "https://esm.sh/v129/valibot@0.2.1/dist/types/validations/custom/index.d.ts": "549d0e263a7af8786d07302739459d3e673888c52c8d4d45e2c2d09e6743cb21",
    "https://esm.sh/v129/valibot@0.2.1/dist/types/validations/email/email.d.ts": "96b7176bbce75258878586594d8fa3013536c9039ab8181c8a065854f3bd2c2d",
    "https://esm.sh/v129/valibot@0.2.1/dist/types/validations/email/index.d.ts": "6fafb97327bbf539f7e3b8f99c9e5501c78671c02f14c447ff23040e5e4b8f9e",
    "https://esm.sh/v129/valibot@0.2.1/dist/types/validations/emoji/emoji.d.ts": "fc3a80cf3f4e182286681a9c0222773eb57a3e5a9c1fd1bb5471357f2674cd48",
    "https://esm.sh/v129/valibot@0.2.1/dist/types/validations/emoji/index.d.ts": "5c45669fedd88f8938b330c636a088ab4c63f53bf2534870b7955927c2dc215d",
    "https://esm.sh/v129/valibot@0.2.1/dist/types/validations/endsWith/endsWith.d.ts": "12f77f36f8664de36700d5cc7838a6b0c42b63739046b5044ebcd637820de207",
    "https://esm.sh/v129/valibot@0.2.1/dist/types/validations/endsWith/index.d.ts": "dcef918326adb320070ec0b9d95cb8c6ab231c698f30b62597b6601fd78fb78c",
    "https://esm.sh/v129/valibot@0.2.1/dist/types/validations/equal/equal.d.ts": "bebdada5be83aec97b26bb97a12e2a4a8b046f534186107aa24ab5a10dedc48d",
    "https://esm.sh/v129/valibot@0.2.1/dist/types/validations/equal/index.d.ts": "8d63c35d6b19faa6b00418c37e71ffd7a979d79fe53713f967137cbc96ee5b02",
    "https://esm.sh/v129/valibot@0.2.1/dist/types/validations/includes/includes.d.ts": "41be2f77fcebeaa42a9c2541ae6b5643de4a1d4b70e582d2e727b53f145857fe",
    "https://esm.sh/v129/valibot@0.2.1/dist/types/validations/includes/index.d.ts": "f00818e93c7175e934eeb53e49ae39b12d19a2076d1ea39dc2b3b905b6474d7c",
    "https://esm.sh/v129/valibot@0.2.1/dist/types/validations/index.d.ts": "7c8b208ce03a87f17069a8bce608972d28b718ec456e330e16aac9d35a7ba7de",
    "https://esm.sh/v129/valibot@0.2.1/dist/types/validations/ip/index.d.ts": "90d2b4e219b87c07f58a924cdbe6f33de395d13c4fbe9ed23c466a71e4295b8c",
    "https://esm.sh/v129/valibot@0.2.1/dist/types/validations/ip/ip.d.ts": "fc293e8a0aec1d130883cb3475f166863ca86d2e68eba65dac12f7f3808cf7c2",
    "https://esm.sh/v129/valibot@0.2.1/dist/types/validations/ipv4/index.d.ts": "dc3e73a5753c1c0c56d18fd734b039c3ad8cc3a030394d3e0f8274fed624cb19",
    "https://esm.sh/v129/valibot@0.2.1/dist/types/validations/ipv4/ipv4.d.ts": "76867e72cb7a99b37eec76b47bb3b8b6fd52b61fea74e0b284cc865249d62333",
    "https://esm.sh/v129/valibot@0.2.1/dist/types/validations/ipv6/index.d.ts": "b9a3fff8c853be1415d8e7e0a6c622f949150f0ef82960f7a3486547aa8ab2d3",
    "https://esm.sh/v129/valibot@0.2.1/dist/types/validations/ipv6/ipv6.d.ts": "489285f9f924565657c3c128cc9b59d9c38dc1067a5e14f2c9cc8663ac9c2315",
    "https://esm.sh/v129/valibot@0.2.1/dist/types/validations/isoDate/index.d.ts": "543e574876cb0d2cc390c468990ad8210d39a89b6ba147324a63431e133d07ca",
    "https://esm.sh/v129/valibot@0.2.1/dist/types/validations/isoDate/isoDate.d.ts": "76864251ccc0583150cb5710c54d2262dc81a5ec3053d3360dcf1fdf73a49643",
    "https://esm.sh/v129/valibot@0.2.1/dist/types/validations/isoDateTime/index.d.ts": "88c25aaa1445bfdd9c6789a8f5331e4b0e2718da4994d068136136b338682d9d",
    "https://esm.sh/v129/valibot@0.2.1/dist/types/validations/isoDateTime/isoDateTime.d.ts": "3333a21074a46a589e2588227566e047c039828c336f3cf248c38a71318f6a36",
    "https://esm.sh/v129/valibot@0.2.1/dist/types/validations/isoTime/index.d.ts": "0b244d444a1183a6c64e273b68d9b0b49233c13168353a5affcd6d13992a3615",
    "https://esm.sh/v129/valibot@0.2.1/dist/types/validations/isoTime/isoTime.d.ts": "8ef7d80d3b9be9699af4ebccb2337b669c7a9b147d21a165b37061c8e7d39b51",
    "https://esm.sh/v129/valibot@0.2.1/dist/types/validations/isoTimeSecond/index.d.ts": "fc71ede264da8131140f452184946fab4d52ce69fdf2184b07308a7c039b75ea",
    "https://esm.sh/v129/valibot@0.2.1/dist/types/validations/isoTimeSecond/isoTimeSecond.d.ts": "0a14436ba2772b680c3204b1d37fbe1c404891c4c9d1231be4ea492d2fa909bf",
    "https://esm.sh/v129/valibot@0.2.1/dist/types/validations/isoTimestamp/index.d.ts": "bfdbe2de894fce710275be7df8821cc1460af250c4241351f2398319b6189360",
    "https://esm.sh/v129/valibot@0.2.1/dist/types/validations/isoTimestamp/isoTimestamp.d.ts": "15842995d07cf748263505111d73b73af84613ac0ca59940f878be9d693af76f",
    "https://esm.sh/v129/valibot@0.2.1/dist/types/validations/isoWeek/index.d.ts": "d19ed013358627ec4147945fb0f87cc88cd8f02075b228bd1b07d01ee0166685",
    "https://esm.sh/v129/valibot@0.2.1/dist/types/validations/isoWeek/isoWeek.d.ts": "da6dff1735c264b59ecc7d48072cca31315ca07ef527db110f8ac0948604e106",
    "https://esm.sh/v129/valibot@0.2.1/dist/types/validations/length/index.d.ts": "13944e2ef6f9fe0e1f53c58ba84188f3bb4f01b0a7f0b7bdd34d83d7b83139a4",
    "https://esm.sh/v129/valibot@0.2.1/dist/types/validations/length/length.d.ts": "85ad906feccaae37d75e274d33475cf5bcf2c192013450dc1ff89b2e6cdbd102",
    "https://esm.sh/v129/valibot@0.2.1/dist/types/validations/maxLength/index.d.ts": "4de1eb1aeaac655f5464c1f3c9e5a49484a6fbb49be2bc537f0e57299eccd7e2",
    "https://esm.sh/v129/valibot@0.2.1/dist/types/validations/maxLength/maxLength.d.ts": "e863b249e96f2bd0749d951b44008c9185da01e16ddc42ab9557cfe29ac51ae7",
    "https://esm.sh/v129/valibot@0.2.1/dist/types/validations/maxRange/index.d.ts": "170486913af8bc3461f2c59bb39af0b24e27723ceda50afdc01bb2d13e95c67a",
    "https://esm.sh/v129/valibot@0.2.1/dist/types/validations/maxRange/maxRange.d.ts": "7cf247b9e40d6137b3c68e06348a1d2af97cba629b384876978b78134bd62955",
    "https://esm.sh/v129/valibot@0.2.1/dist/types/validations/maxSize/index.d.ts": "c96bbad858295ee1af17e6edc93f23cfa0f99e4222f7c0a05729ebadf97e638d",
    "https://esm.sh/v129/valibot@0.2.1/dist/types/validations/maxSize/maxSize.d.ts": "327ecacaeee0045f1cb4e79bd119338147d797983f951ec38e0fcfbb7832edd8",
    "https://esm.sh/v129/valibot@0.2.1/dist/types/validations/mimeType/index.d.ts": "e43894d10a1154496eb4402170f196bcbf1f5a42cc341d7419aac2c6dc671d88",
    "https://esm.sh/v129/valibot@0.2.1/dist/types/validations/mimeType/mimeType.d.ts": "3d75c76b4623bfeb275886b1d248c7b7a2e1f063d1834d895dd96d4afa748c8a",
    "https://esm.sh/v129/valibot@0.2.1/dist/types/validations/minLength/index.d.ts": "1be9f7306c1b11ba41c29c2634c5928c55afa66563745bef6933d3dff314ce83",
    "https://esm.sh/v129/valibot@0.2.1/dist/types/validations/minLength/minLength.d.ts": "de14d3bf7336fea7c6bdb20376439700866784c62e9652728ccc6ddc097878fc",
    "https://esm.sh/v129/valibot@0.2.1/dist/types/validations/minRange/index.d.ts": "8aaa9230f26281962c3480c93f4db81e181e8a0110eae104ed9eaeef6836e66a",
    "https://esm.sh/v129/valibot@0.2.1/dist/types/validations/minRange/minRange.d.ts": "f4995d7f59663f7d9c0e5b9ae748eb0a709d7a47b3e96b1b8869384ee6a2753f",
    "https://esm.sh/v129/valibot@0.2.1/dist/types/validations/minSize/index.d.ts": "d6fd0b63983b4398764fd8895d57e29cd84a6f3e67012db0b37b19a9e43e54b7",
    "https://esm.sh/v129/valibot@0.2.1/dist/types/validations/minSize/minSize.d.ts": "b52fcfb9012c676c39d61babc568c3c3fa5a9c60c32c3a885f1447df9158b1fd",
    "https://esm.sh/v129/valibot@0.2.1/dist/types/validations/regex/index.d.ts": "ec205f65ea1d547ef749b71404b50eacc156d304b1a8578ec0a873f1423d9014",
    "https://esm.sh/v129/valibot@0.2.1/dist/types/validations/regex/regex.d.ts": "2c849437d2aa27e6585eb1d198fe2f9a3e4720ad159fe4d6e2352a5511838c13",
    "https://esm.sh/v129/valibot@0.2.1/dist/types/validations/size/index.d.ts": "cd7c4e4446f1ed01b40a52a7182913489ef08ccce5d78cda810cebd659e097bc",
    "https://esm.sh/v129/valibot@0.2.1/dist/types/validations/size/size.d.ts": "fe164b9a35e496a1bf8184a75b070198666ff6e4c9ddeb5e6cb802226d08c7de",
    "https://esm.sh/v129/valibot@0.2.1/dist/types/validations/startsWith/index.d.ts": "691d9e9bdf7f2e3aebaf30406642be8d3dcbf78527b0551f324aa808b3d68d0a",
    "https://esm.sh/v129/valibot@0.2.1/dist/types/validations/startsWith/startsWith.d.ts": "4d80a7e12b9884dd51975a15f1c382ed66826a799b2831c67b0217257f9be87e",
    "https://esm.sh/v129/valibot@0.2.1/dist/types/validations/url/index.d.ts": "ed8c76802079d1b5c9932d9587b1e8f917c32603b6d13d8e6a2cc8825753ad8d",
    "https://esm.sh/v129/valibot@0.2.1/dist/types/validations/url/url.d.ts": "9fee4258987f882ed698e6c46f87de6e31e09b2f478eefcd50c6902ba1b47e25",
    "https://esm.sh/v129/valibot@0.2.1/dist/types/validations/uuid/index.d.ts": "5b57be5d75bfbf98b31f852040bcf26144fbe8550e527c406fccfad147efc338",
    "https://esm.sh/v129/valibot@0.2.1/dist/types/validations/uuid/uuid.d.ts": "64f7c5b6fd2d4aa900badaeac7e2647fbc2a8f05b34a874d250a88cdcede463c",
    "https://esm.sh/valibot@0.2.1": "a899059c913d00b68295de1a660eb46b87b65ed85b77c0eb112b7c9c081b962f"
  }
}
